
Microsoft Visual Studio Solution File, Format Version 12.00
# Visual Studio 15
VisualStudioVersion = 15.0.27130.2036
MinimumVisualStudioVersion = 10.0.40219.1
Project("{FAE04EC0-301F-11D3-BF4B-00C04F79EFBC}") = "TTKoreanSchool.Android", "TTKoreanSchool.Android\TTKoreanSchool.Android.csproj", "{9FC2AB4E-B380-45F6-8B29-DEAB8E286BF7}"
EndProject
Project("{FAE04EC0-301F-11D3-BF4B-00C04F79EFBC}") = "TTKoreanSchool.iOS", "TTKoreanSchool.iOS\TTKoreanSchool.iOS.csproj", "{AC34C467-769E-45E2-9B9B-5EE10A1137D2}"
EndProject
Project("{FAE04EC0-301F-11D3-BF4B-00C04F79EFBC}") = "TTKoreanSchool.Analysis", "TTKoreanSchool.Analysis\TTKoreanSchool.Analysis.csproj", "{1C397CC8-AD06-4050-8388-D920CF6EE79E}"
EndProject
Project("{2150E333-8FDC-42A3-9474-1A3956D46DE8}") = "Tests", "Tests", "{75CCDB6D-E6D2-43F7-9A9E-5FE1FF29D01C}"
EndProject
Project("{9A19103F-16F7-4668-BE54-9A1E7A4F7556}") = "TTKoreanSchool", "TTKoreanSchool\TTKoreanSchool.csproj", "{6CBAD51B-F70B-4F8E-B62B-EF5791D92F00}"
EndProject
Project("{FAE04EC0-301F-11D3-BF4B-00C04F79EFBC}") = "TTKoreanSchool.Tests", "TTKoreanSchool.Tests\TTKoreanSchool.Tests.csproj", "{2E3DF5C2-8A38-4A03-86D7-8D463C917E47}"
EndProject
Global
	GlobalSection(SolutionConfigurationPlatforms) = preSolution
		Ad-Hoc|Any CPU = Ad-Hoc|Any CPU
		Ad-Hoc|ARM = Ad-Hoc|ARM
		Ad-Hoc|iPhone = Ad-Hoc|iPhone
		Ad-Hoc|iPhoneSimulator = Ad-Hoc|iPhoneSimulator
		Ad-Hoc|x64 = Ad-Hoc|x64
		Ad-Hoc|x86 = Ad-Hoc|x86
		AppStore|Any CPU = AppStore|Any CPU
		AppStore|ARM = AppStore|ARM
		AppStore|iPhone = AppStore|iPhone
		AppStore|iPhoneSimulator = AppStore|iPhoneSimulator
		AppStore|x64 = AppStore|x64
		AppStore|x86 = AppStore|x86
		Debug|Any CPU = Debug|Any CPU
		Debug|ARM = Debug|ARM
		Debug|iPhone = Debug|iPhone
		Debug|iPhoneSimulator = Debug|iPhoneSimulator
		Debug|x64 = Debug|x64
		Debug|x86 = Debug|x86
		Release|Any CPU = Release|Any CPU
		Release|ARM = Release|ARM
		Release|iPhone = Release|iPhone
		Release|iPhoneSimulator = Release|iPhoneSimulator
		Release|x64 = Release|x64
		Release|x86 = Release|x86
	EndGlobalSection
	GlobalSection(ProjectConfigurationPlatforms) = postSolution
		{9FC2AB4E-B380-45F6-8B29-DEAB8E286BF7}.Ad-Hoc|Any CPU.ActiveCfg = Release|Any CPU
		{9FC2AB4E-B380-45F6-8B29-DEAB8E286BF7}.Ad-Hoc|Any CPU.Build.0 = Release|Any CPU
		{9FC2AB4E-B380-45F6-8B29-DEAB8E286BF7}.Ad-Hoc|Any CPU.Deploy.0 = Release|Any CPU
		{9FC2AB4E-B380-45F6-8B29-DEAB8E286BF7}.Ad-Hoc|ARM.ActiveCfg = Release|Any CPU
		{9FC2AB4E-B380-45F6-8B29-DEAB8E286BF7}.Ad-Hoc|ARM.Build.0 = Release|Any CPU
		{9FC2AB4E-B380-45F6-8B29-DEAB8E286BF7}.Ad-Hoc|ARM.Deploy.0 = Release|Any CPU
		{9FC2AB4E-B380-45F6-8B29-DEAB8E286BF7}.Ad-Hoc|iPhone.ActiveCfg = Release|Any CPU
		{9FC2AB4E-B380-45F6-8B29-DEAB8E286BF7}.Ad-Hoc|iPhone.Build.0 = Release|Any CPU
		{9FC2AB4E-B380-45F6-8B29-DEAB8E286BF7}.Ad-Hoc|iPhone.Deploy.0 = Release|Any CPU
		{9FC2AB4E-B380-45F6-8B29-DEAB8E286BF7}.Ad-Hoc|iPhoneSimulator.ActiveCfg = Release|Any CPU
		{9FC2AB4E-B380-45F6-8B29-DEAB8E286BF7}.Ad-Hoc|iPhoneSimulator.Build.0 = Release|Any CPU
		{9FC2AB4E-B380-45F6-8B29-DEAB8E286BF7}.Ad-Hoc|iPhoneSimulator.Deploy.0 = Release|Any CPU
		{9FC2AB4E-B380-45F6-8B29-DEAB8E286BF7}.Ad-Hoc|x64.ActiveCfg = Release|Any CPU
		{9FC2AB4E-B380-45F6-8B29-DEAB8E286BF7}.Ad-Hoc|x64.Build.0 = Release|Any CPU
		{9FC2AB4E-B380-45F6-8B29-DEAB8E286BF7}.Ad-Hoc|x64.Deploy.0 = Release|Any CPU
		{9FC2AB4E-B380-45F6-8B29-DEAB8E286BF7}.Ad-Hoc|x86.ActiveCfg = Release|Any CPU
		{9FC2AB4E-B380-45F6-8B29-DEAB8E286BF7}.Ad-Hoc|x86.Build.0 = Release|Any CPU
		{9FC2AB4E-B380-45F6-8B29-DEAB8E286BF7}.Ad-Hoc|x86.Deploy.0 = Release|Any CPU
		{9FC2AB4E-B380-45F6-8B29-DEAB8E286BF7}.AppStore|Any CPU.ActiveCfg = Release|Any CPU
		{9FC2AB4E-B380-45F6-8B29-DEAB8E286BF7}.AppStore|Any CPU.Build.0 = Release|Any CPU
		{9FC2AB4E-B380-45F6-8B29-DEAB8E286BF7}.AppStore|Any CPU.Deploy.0 = Release|Any CPU
		{9FC2AB4E-B380-45F6-8B29-DEAB8E286BF7}.AppStore|ARM.ActiveCfg = Release|Any CPU
		{9FC2AB4E-B380-45F6-8B29-DEAB8E286BF7}.AppStore|ARM.Build.0 = Release|Any CPU
		{9FC2AB4E-B380-45F6-8B29-DEAB8E286BF7}.AppStore|ARM.Deploy.0 = Release|Any CPU
		{9FC2AB4E-B380-45F6-8B29-DEAB8E286BF7}.AppStore|iPhone.ActiveCfg = Release|Any CPU
		{9FC2AB4E-B380-45F6-8B29-DEAB8E286BF7}.AppStore|iPhone.Build.0 = Release|Any CPU
		{9FC2AB4E-B380-45F6-8B29-DEAB8E286BF7}.AppStore|iPhone.Deploy.0 = Release|Any CPU
		{9FC2AB4E-B380-45F6-8B29-DEAB8E286BF7}.AppStore|iPhoneSimulator.ActiveCfg = Release|Any CPU
		{9FC2AB4E-B380-45F6-8B29-DEAB8E286BF7}.AppStore|iPhoneSimulator.Build.0 = Release|Any CPU
		{9FC2AB4E-B380-45F6-8B29-DEAB8E286BF7}.AppStore|iPhoneSimulator.Deploy.0 = Release|Any CPU
		{9FC2AB4E-B380-45F6-8B29-DEAB8E286BF7}.AppStore|x64.ActiveCfg = Release|Any CPU
		{9FC2AB4E-B380-45F6-8B29-DEAB8E286BF7}.AppStore|x64.Build.0 = Release|Any CPU
		{9FC2AB4E-B380-45F6-8B29-DEAB8E286BF7}.AppStore|x64.Deploy.0 = Release|Any CPU
		{9FC2AB4E-B380-45F6-8B29-DEAB8E286BF7}.AppStore|x86.ActiveCfg = Release|Any CPU
		{9FC2AB4E-B380-45F6-8B29-DEAB8E286BF7}.AppStore|x86.Build.0 = Release|Any CPU
		{9FC2AB4E-B380-45F6-8B29-DEAB8E286BF7}.AppStore|x86.Deploy.0 = Release|Any CPU
		{9FC2AB4E-B380-45F6-8B29-DEAB8E286BF7}.Debug|Any CPU.ActiveCfg = Debug|Any CPU
		{9FC2AB4E-B380-45F6-8B29-DEAB8E286BF7}.Debug|Any CPU.Build.0 = Debug|Any CPU
		{9FC2AB4E-B380-45F6-8B29-DEAB8E286BF7}.Debug|Any CPU.Deploy.0 = Debug|Any CPU
		{9FC2AB4E-B380-45F6-8B29-DEAB8E286BF7}.Debug|ARM.ActiveCfg = Debug|Any CPU
		{9FC2AB4E-B380-45F6-8B29-DEAB8E286BF7}.Debug|ARM.Build.0 = Debug|Any CPU
		{9FC2AB4E-B380-45F6-8B29-DEAB8E286BF7}.Debug|ARM.Deploy.0 = Debug|Any CPU
		{9FC2AB4E-B380-45F6-8B29-DEAB8E286BF7}.Debug|iPhone.ActiveCfg = Debug|Any CPU
		{9FC2AB4E-B380-45F6-8B29-DEAB8E286BF7}.Debug|iPhone.Build.0 = Debug|Any CPU
		{9FC2AB4E-B380-45F6-8B29-DEAB8E286BF7}.Debug|iPhone.Deploy.0 = Debug|Any CPU
		{9FC2AB4E-B380-45F6-8B29-DEAB8E286BF7}.Debug|iPhoneSimulator.ActiveCfg = Debug|Any CPU
		{9FC2AB4E-B380-45F6-8B29-DEAB8E286BF7}.Debug|iPhoneSimulator.Build.0 = Debug|Any CPU
		{9FC2AB4E-B380-45F6-8B29-DEAB8E286BF7}.Debug|iPhoneSimulator.Deploy.0 = Debug|Any CPU
		{9FC2AB4E-B380-45F6-8B29-DEAB8E286BF7}.Debug|x64.ActiveCfg = Debug|Any CPU
		{9FC2AB4E-B380-45F6-8B29-DEAB8E286BF7}.Debug|x64.Build.0 = Debug|Any CPU
		{9FC2AB4E-B380-45F6-8B29-DEAB8E286BF7}.Debug|x64.Deploy.0 = Debug|Any CPU
		{9FC2AB4E-B380-45F6-8B29-DEAB8E286BF7}.Debug|x86.ActiveCfg = Debug|Any CPU
		{9FC2AB4E-B380-45F6-8B29-DEAB8E286BF7}.Debug|x86.Build.0 = Debug|Any CPU
		{9FC2AB4E-B380-45F6-8B29-DEAB8E286BF7}.Debug|x86.Deploy.0 = Debug|Any CPU
		{9FC2AB4E-B380-45F6-8B29-DEAB8E286BF7}.Release|Any CPU.ActiveCfg = Release|Any CPU
		{9FC2AB4E-B380-45F6-8B29-DEAB8E286BF7}.Release|Any CPU.Build.0 = Release|Any CPU
		{9FC2AB4E-B380-45F6-8B29-DEAB8E286BF7}.Release|Any CPU.Deploy.0 = Release|Any CPU
		{9FC2AB4E-B380-45F6-8B29-DEAB8E286BF7}.Release|ARM.ActiveCfg = Release|Any CPU
		{9FC2AB4E-B380-45F6-8B29-DEAB8E286BF7}.Release|ARM.Build.0 = Release|Any CPU
		{9FC2AB4E-B380-45F6-8B29-DEAB8E286BF7}.Release|ARM.Deploy.0 = Release|Any CPU
		{9FC2AB4E-B380-45F6-8B29-DEAB8E286BF7}.Release|iPhone.ActiveCfg = Release|Any CPU
		{9FC2AB4E-B380-45F6-8B29-DEAB8E286BF7}.Release|iPhone.Build.0 = Release|Any CPU
		{9FC2AB4E-B380-45F6-8B29-DEAB8E286BF7}.Release|iPhone.Deploy.0 = Release|Any CPU
		{9FC2AB4E-B380-45F6-8B29-DEAB8E286BF7}.Release|iPhoneSimulator.ActiveCfg = Release|Any CPU
		{9FC2AB4E-B380-45F6-8B29-DEAB8E286BF7}.Release|iPhoneSimulator.Build.0 = Release|Any CPU
		{9FC2AB4E-B380-45F6-8B29-DEAB8E286BF7}.Release|iPhoneSimulator.Deploy.0 = Release|Any CPU
		{9FC2AB4E-B380-45F6-8B29-DEAB8E286BF7}.Release|x64.ActiveCfg = Release|Any CPU
		{9FC2AB4E-B380-45F6-8B29-DEAB8E286BF7}.Release|x64.Build.0 = Release|Any CPU
		{9FC2AB4E-B380-45F6-8B29-DEAB8E286BF7}.Release|x64.Deploy.0 = Release|Any CPU
		{9FC2AB4E-B380-45F6-8B29-DEAB8E286BF7}.Release|x86.ActiveCfg = Release|Any CPU
		{9FC2AB4E-B380-45F6-8B29-DEAB8E286BF7}.Release|x86.Build.0 = Release|Any CPU
		{9FC2AB4E-B380-45F6-8B29-DEAB8E286BF7}.Release|x86.Deploy.0 = Release|Any CPU
		{AC34C467-769E-45E2-9B9B-5EE10A1137D2}.Ad-Hoc|Any CPU.ActiveCfg = Release|iPhoneSimulator
		{AC34C467-769E-45E2-9B9B-5EE10A1137D2}.Ad-Hoc|Any CPU.Build.0 = Release|iPhoneSimulator
		{AC34C467-769E-45E2-9B9B-5EE10A1137D2}.Ad-Hoc|ARM.ActiveCfg = Release|iPhoneSimulator
		{AC34C467-769E-45E2-9B9B-5EE10A1137D2}.Ad-Hoc|ARM.Build.0 = Release|iPhoneSimulator
		{AC34C467-769E-45E2-9B9B-5EE10A1137D2}.Ad-Hoc|iPhone.ActiveCfg = Release|iPhone
		{AC34C467-769E-45E2-9B9B-5EE10A1137D2}.Ad-Hoc|iPhone.Build.0 = Release|iPhone
		{AC34C467-769E-45E2-9B9B-5EE10A1137D2}.Ad-Hoc|iPhoneSimulator.ActiveCfg = Release|iPhoneSimulator
		{AC34C467-769E-45E2-9B9B-5EE10A1137D2}.Ad-Hoc|iPhoneSimulator.Build.0 = Release|iPhoneSimulator
		{AC34C467-769E-45E2-9B9B-5EE10A1137D2}.Ad-Hoc|x64.ActiveCfg = Release|iPhoneSimulator
		{AC34C467-769E-45E2-9B9B-5EE10A1137D2}.Ad-Hoc|x64.Build.0 = Release|iPhoneSimulator
		{AC34C467-769E-45E2-9B9B-5EE10A1137D2}.Ad-Hoc|x86.ActiveCfg = Release|iPhoneSimulator
		{AC34C467-769E-45E2-9B9B-5EE10A1137D2}.Ad-Hoc|x86.Build.0 = Release|iPhoneSimulator
		{AC34C467-769E-45E2-9B9B-5EE10A1137D2}.AppStore|Any CPU.ActiveCfg = Release|iPhoneSimulator
		{AC34C467-769E-45E2-9B9B-5EE10A1137D2}.AppStore|Any CPU.Build.0 = Release|iPhoneSimulator
		{AC34C467-769E-45E2-9B9B-5EE10A1137D2}.AppStore|ARM.ActiveCfg = Release|iPhoneSimulator
		{AC34C467-769E-45E2-9B9B-5EE10A1137D2}.AppStore|ARM.Build.0 = Release|iPhoneSimulator
		{AC34C467-769E-45E2-9B9B-5EE10A1137D2}.AppStore|iPhone.ActiveCfg = Release|iPhone
		{AC34C467-769E-45E2-9B9B-5EE10A1137D2}.AppStore|iPhone.Build.0 = Release|iPhone
		{AC34C467-769E-45E2-9B9B-5EE10A1137D2}.AppStore|iPhoneSimulator.ActiveCfg = Release|iPhoneSimulator
		{AC34C467-769E-45E2-9B9B-5EE10A1137D2}.AppStore|iPhoneSimulator.Build.0 = Release|iPhoneSimulator
		{AC34C467-769E-45E2-9B9B-5EE10A1137D2}.AppStore|x64.ActiveCfg = Release|iPhoneSimulator
		{AC34C467-769E-45E2-9B9B-5EE10A1137D2}.AppStore|x64.Build.0 = Release|iPhoneSimulator
		{AC34C467-769E-45E2-9B9B-5EE10A1137D2}.AppStore|x86.ActiveCfg = Release|iPhoneSimulator
		{AC34C467-769E-45E2-9B9B-5EE10A1137D2}.AppStore|x86.Build.0 = Release|iPhoneSimulator
		{AC34C467-769E-45E2-9B9B-5EE10A1137D2}.Debug|Any CPU.ActiveCfg = Debug|iPhone
		{AC34C467-769E-45E2-9B9B-5EE10A1137D2}.Debug|ARM.ActiveCfg = Debug|iPhone
		{AC34C467-769E-45E2-9B9B-5EE10A1137D2}.Debug|iPhone.ActiveCfg = Debug|iPhone
		{AC34C467-769E-45E2-9B9B-5EE10A1137D2}.Debug|iPhone.Build.0 = Debug|iPhone
		{AC34C467-769E-45E2-9B9B-5EE10A1137D2}.Debug|iPhoneSimulator.ActiveCfg = Debug|iPhoneSimulator
		{AC34C467-769E-45E2-9B9B-5EE10A1137D2}.Debug|iPhoneSimulator.Build.0 = Debug|iPhoneSimulator
		{AC34C467-769E-45E2-9B9B-5EE10A1137D2}.Debug|x64.ActiveCfg = Debug|iPhone
		{AC34C467-769E-45E2-9B9B-5EE10A1137D2}.Debug|x86.ActiveCfg = Debug|iPhone
		{AC34C467-769E-45E2-9B9B-5EE10A1137D2}.Release|Any CPU.ActiveCfg = Release|iPhone
		{AC34C467-769E-45E2-9B9B-5EE10A1137D2}.Release|ARM.ActiveCfg = Release|iPhone
		{AC34C467-769E-45E2-9B9B-5EE10A1137D2}.Release|iPhone.ActiveCfg = Release|iPhone
		{AC34C467-769E-45E2-9B9B-5EE10A1137D2}.Release|iPhone.Build.0 = Release|iPhone
		{AC34C467-769E-45E2-9B9B-5EE10A1137D2}.Release|iPhoneSimulator.ActiveCfg = Release|iPhoneSimulator
		{AC34C467-769E-45E2-9B9B-5EE10A1137D2}.Release|iPhoneSimulator.Build.0 = Release|iPhoneSimulator
		{AC34C467-769E-45E2-9B9B-5EE10A1137D2}.Release|x64.ActiveCfg = Release|iPhone
		{AC34C467-769E-45E2-9B9B-5EE10A1137D2}.Release|x86.ActiveCfg = Release|iPhone
		{1C397CC8-AD06-4050-8388-D920CF6EE79E}.Ad-Hoc|Any CPU.ActiveCfg = Release|Any CPU
		{1C397CC8-AD06-4050-8388-D920CF6EE79E}.Ad-Hoc|Any CPU.Build.0 = Release|Any CPU
		{1C397CC8-AD06-4050-8388-D920CF6EE79E}.Ad-Hoc|ARM.ActiveCfg = Release|Any CPU
		{1C397CC8-AD06-4050-8388-D920CF6EE79E}.Ad-Hoc|ARM.Build.0 = Release|Any CPU
		{1C397CC8-AD06-4050-8388-D920CF6EE79E}.Ad-Hoc|iPhone.ActiveCfg = Release|Any CPU
		{1C397CC8-AD06-4050-8388-D920CF6EE79E}.Ad-Hoc|iPhone.Build.0 = Release|Any CPU
		{1C397CC8-AD06-4050-8388-D920CF6EE79E}.Ad-Hoc|iPhoneSimulator.ActiveCfg = Release|Any CPU
		{1C397CC8-AD06-4050-8388-D920CF6EE79E}.Ad-Hoc|iPhoneSimulator.Build.0 = Release|Any CPU
		{1C397CC8-AD06-4050-8388-D920CF6EE79E}.Ad-Hoc|x64.ActiveCfg = Release|Any CPU
		{1C397CC8-AD06-4050-8388-D920CF6EE79E}.Ad-Hoc|x64.Build.0 = Release|Any CPU
		{1C397CC8-AD06-4050-8388-D920CF6EE79E}.Ad-Hoc|x86.ActiveCfg = Release|Any CPU
		{1C397CC8-AD06-4050-8388-D920CF6EE79E}.Ad-Hoc|x86.Build.0 = Release|Any CPU
		{1C397CC8-AD06-4050-8388-D920CF6EE79E}.AppStore|Any CPU.ActiveCfg = Release|Any CPU
		{1C397CC8-AD06-4050-8388-D920CF6EE79E}.AppStore|Any CPU.Build.0 = Release|Any CPU
		{1C397CC8-AD06-4050-8388-D920CF6EE79E}.AppStore|ARM.ActiveCfg = Release|Any CPU
		{1C397CC8-AD06-4050-8388-D920CF6EE79E}.AppStore|ARM.Build.0 = Release|Any CPU
		{1C397CC8-AD06-4050-8388-D920CF6EE79E}.AppStore|iPhone.ActiveCfg = Release|Any CPU
		{1C397CC8-AD06-4050-8388-D920CF6EE79E}.AppStore|iPhone.Build.0 = Release|Any CPU
		{1C397CC8-AD06-4050-8388-D920CF6EE79E}.AppStore|iPhoneSimulator.ActiveCfg = Release|Any CPU
		{1C397CC8-AD06-4050-8388-D920CF6EE79E}.AppStore|iPhoneSimulator.Build.0 = Release|Any CPU
		{1C397CC8-AD06-4050-8388-D920CF6EE79E}.AppStore|x64.ActiveCfg = Release|Any CPU
		{1C397CC8-AD06-4050-8388-D920CF6EE79E}.AppStore|x64.Build.0 = Release|Any CPU
		{1C397CC8-AD06-4050-8388-D920CF6EE79E}.AppStore|x86.ActiveCfg = Release|Any CPU
		{1C397CC8-AD06-4050-8388-D920CF6EE79E}.AppStore|x86.Build.0 = Release|Any CPU
		{1C397CC8-AD06-4050-8388-D920CF6EE79E}.Debug|Any CPU.ActiveCfg = Debug|Any CPU
		{1C397CC8-AD06-4050-8388-D920CF6EE79E}.Debug|Any CPU.Build.0 = Debug|Any CPU
		{1C397CC8-AD06-4050-8388-D920CF6EE79E}.Debug|ARM.ActiveCfg = Debug|Any CPU
		{1C397CC8-AD06-4050-8388-D920CF6EE79E}.Debug|ARM.Build.0 = Debug|Any CPU
		{1C397CC8-AD06-4050-8388-D920CF6EE79E}.Debug|iPhone.ActiveCfg = Debug|Any CPU
		{1C397CC8-AD06-4050-8388-D920CF6EE79E}.Debug|iPhone.Build.0 = Debug|Any CPU
		{1C397CC8-AD06-4050-8388-D920CF6EE79E}.Debug|iPhoneSimulator.ActiveCfg = Debug|Any CPU
		{1C397CC8-AD06-4050-8388-D920CF6EE79E}.Debug|iPhoneSimulator.Build.0 = Debug|Any CPU
		{1C397CC8-AD06-4050-8388-D920CF6EE79E}.Debug|x64.ActiveCfg = Debug|Any CPU
		{1C397CC8-AD06-4050-8388-D920CF6EE79E}.Debug|x64.Build.0 = Debug|Any CPU
		{1C397CC8-AD06-4050-8388-D920CF6EE79E}.Debug|x86.ActiveCfg = Debug|Any CPU
		{1C397CC8-AD06-4050-8388-D920CF6EE79E}.Debug|x86.Build.0 = Debug|Any CPU
		{1C397CC8-AD06-4050-8388-D920CF6EE79E}.Release|Any CPU.ActiveCfg = Release|Any CPU
		{1C397CC8-AD06-4050-8388-D920CF6EE79E}.Release|Any CPU.Build.0 = Release|Any CPU
		{1C397CC8-AD06-4050-8388-D920CF6EE79E}.Release|ARM.ActiveCfg = Release|Any CPU
		{1C397CC8-AD06-4050-8388-D920CF6EE79E}.Release|ARM.Build.0 = Release|Any CPU
		{1C397CC8-AD06-4050-8388-D920CF6EE79E}.Release|iPhone.ActiveCfg = Release|Any CPU
		{1C397CC8-AD06-4050-8388-D920CF6EE79E}.Release|iPhone.Build.0 = Release|Any CPU
		{1C397CC8-AD06-4050-8388-D920CF6EE79E}.Release|iPhoneSimulator.ActiveCfg = Release|Any CPU
		{1C397CC8-AD06-4050-8388-D920CF6EE79E}.Release|iPhoneSimulator.Build.0 = Release|Any CPU
		{1C397CC8-AD06-4050-8388-D920CF6EE79E}.Release|x64.ActiveCfg = Release|Any CPU
		{1C397CC8-AD06-4050-8388-D920CF6EE79E}.Release|x64.Build.0 = Release|Any CPU
		{1C397CC8-AD06-4050-8388-D920CF6EE79E}.Release|x86.ActiveCfg = Release|Any CPU
		{1C397CC8-AD06-4050-8388-D920CF6EE79E}.Release|x86.Build.0 = Release|Any CPU
		{6CBAD51B-F70B-4F8E-B62B-EF5791D92F00}.Ad-Hoc|Any CPU.ActiveCfg = Debug|Any CPU
		{6CBAD51B-F70B-4F8E-B62B-EF5791D92F00}.Ad-Hoc|Any CPU.Build.0 = Debug|Any CPU
		{6CBAD51B-F70B-4F8E-B62B-EF5791D92F00}.Ad-Hoc|ARM.ActiveCfg = Debug|Any CPU
		{6CBAD51B-F70B-4F8E-B62B-EF5791D92F00}.Ad-Hoc|ARM.Build.0 = Debug|Any CPU
		{6CBAD51B-F70B-4F8E-B62B-EF5791D92F00}.Ad-Hoc|iPhone.ActiveCfg = Debug|Any CPU
		{6CBAD51B-F70B-4F8E-B62B-EF5791D92F00}.Ad-Hoc|iPhone.Build.0 = Debug|Any CPU
		{6CBAD51B-F70B-4F8E-B62B-EF5791D92F00}.Ad-Hoc|iPhoneSimulator.ActiveCfg = Debug|Any CPU
		{6CBAD51B-F70B-4F8E-B62B-EF5791D92F00}.Ad-Hoc|iPhoneSimulator.Build.0 = Debug|Any CPU
		{6CBAD51B-F70B-4F8E-B62B-EF5791D92F00}.Ad-Hoc|x64.ActiveCfg = Debug|Any CPU
		{6CBAD51B-F70B-4F8E-B62B-EF5791D92F00}.Ad-Hoc|x64.Build.0 = Debug|Any CPU
		{6CBAD51B-F70B-4F8E-B62B-EF5791D92F00}.Ad-Hoc|x86.ActiveCfg = Debug|Any CPU
		{6CBAD51B-F70B-4F8E-B62B-EF5791D92F00}.Ad-Hoc|x86.Build.0 = Debug|Any CPU
		{6CBAD51B-F70B-4F8E-B62B-EF5791D92F00}.AppStore|Any CPU.ActiveCfg = Debug|Any CPU
		{6CBAD51B-F70B-4F8E-B62B-EF5791D92F00}.AppStore|Any CPU.Build.0 = Debug|Any CPU
		{6CBAD51B-F70B-4F8E-B62B-EF5791D92F00}.AppStore|ARM.ActiveCfg = Debug|Any CPU
		{6CBAD51B-F70B-4F8E-B62B-EF5791D92F00}.AppStore|ARM.Build.0 = Debug|Any CPU
		{6CBAD51B-F70B-4F8E-B62B-EF5791D92F00}.AppStore|iPhone.ActiveCfg = Debug|Any CPU
		{6CBAD51B-F70B-4F8E-B62B-EF5791D92F00}.AppStore|iPhone.Build.0 = Debug|Any CPU
		{6CBAD51B-F70B-4F8E-B62B-EF5791D92F00}.AppStore|iPhoneSimulator.ActiveCfg = Debug|Any CPU
		{6CBAD51B-F70B-4F8E-B62B-EF5791D92F00}.AppStore|iPhoneSimulator.Build.0 = Debug|Any CPU
		{6CBAD51B-F70B-4F8E-B62B-EF5791D92F00}.AppStore|x64.ActiveCfg = Debug|Any CPU
		{6CBAD51B-F70B-4F8E-B62B-EF5791D92F00}.AppStore|x64.Build.0 = Debug|Any CPU
		{6CBAD51B-F70B-4F8E-B62B-EF5791D92F00}.AppStore|x86.ActiveCfg = Debug|Any CPU
		{6CBAD51B-F70B-4F8E-B62B-EF5791D92F00}.AppStore|x86.Build.0 = Debug|Any CPU
		{6CBAD51B-F70B-4F8E-B62B-EF5791D92F00}.Debug|Any CPU.ActiveCfg = Debug|Any CPU
		{6CBAD51B-F70B-4F8E-B62B-EF5791D92F00}.Debug|Any CPU.Build.0 = Debug|Any CPU
		{6CBAD51B-F70B-4F8E-B62B-EF5791D92F00}.Debug|ARM.ActiveCfg = Debug|Any CPU
		{6CBAD51B-F70B-4F8E-B62B-EF5791D92F00}.Debug|ARM.Build.0 = Debug|Any CPU
		{6CBAD51B-F70B-4F8E-B62B-EF5791D92F00}.Debug|iPhone.ActiveCfg = Debug|Any CPU
		{6CBAD51B-F70B-4F8E-B62B-EF5791D92F00}.Debug|iPhone.Build.0 = Debug|Any CPU
		{6CBAD51B-F70B-4F8E-B62B-EF5791D92F00}.Debug|iPhoneSimulator.ActiveCfg = Debug|Any CPU
		{6CBAD51B-F70B-4F8E-B62B-EF5791D92F00}.Debug|iPhoneSimulator.Build.0 = Debug|Any CPU
		{6CBAD51B-F70B-4F8E-B62B-EF5791D92F00}.Debug|x64.ActiveCfg = Debug|Any CPU
		{6CBAD51B-F70B-4F8E-B62B-EF5791D92F00}.Debug|x64.Build.0 = Debug|Any CPU
		{6CBAD51B-F70B-4F8E-B62B-EF5791D92F00}.Debug|x86.ActiveCfg = Debug|Any CPU
		{6CBAD51B-F70B-4F8E-B62B-EF5791D92F00}.Debug|x86.Build.0 = Debug|Any CPU
		{6CBAD51B-F70B-4F8E-B62B-EF5791D92F00}.Release|Any CPU.ActiveCfg = Release|Any CPU
		{6CBAD51B-F70B-4F8E-B62B-EF5791D92F00}.Release|Any CPU.Build.0 = Release|Any CPU
		{6CBAD51B-F70B-4F8E-B62B-EF5791D92F00}.Release|ARM.ActiveCfg = Release|Any CPU
		{6CBAD51B-F70B-4F8E-B62B-EF5791D92F00}.Release|ARM.Build.0 = Release|Any CPU
		{6CBAD51B-F70B-4F8E-B62B-EF5791D92F00}.Release|iPhone.ActiveCfg = Release|Any CPU
		{6CBAD51B-F70B-4F8E-B62B-EF5791D92F00}.Release|iPhone.Build.0 = Release|Any CPU
		{6CBAD51B-F70B-4F8E-B62B-EF5791D92F00}.Release|iPhoneSimulator.ActiveCfg = Release|Any CPU
		{6CBAD51B-F70B-4F8E-B62B-EF5791D92F00}.Release|iPhoneSimulator.Build.0 = Release|Any CPU
		{6CBAD51B-F70B-4F8E-B62B-EF5791D92F00}.Release|x64.ActiveCfg = Release|Any CPU
		{6CBAD51B-F70B-4F8E-B62B-EF5791D92F00}.Release|x64.Build.0 = Release|Any CPU
		{6CBAD51B-F70B-4F8E-B62B-EF5791D92F00}.Release|x86.ActiveCfg = Release|Any CPU
		{6CBAD51B-F70B-4F8E-B62B-EF5791D92F00}.Release|x86.Build.0 = Release|Any CPU
		{2E3DF5C2-8A38-4A03-86D7-8D463C917E47}.Ad-Hoc|Any CPU.ActiveCfg = Release|Any CPU
		{2E3DF5C2-8A38-4A03-86D7-8D463C917E47}.Ad-Hoc|Any CPU.Build.0 = Release|Any CPU
		{2E3DF5C2-8A38-4A03-86D7-8D463C917E47}.Ad-Hoc|ARM.ActiveCfg = Release|Any CPU
		{2E3DF5C2-8A38-4A03-86D7-8D463C917E47}.Ad-Hoc|ARM.Build.0 = Release|Any CPU
		{2E3DF5C2-8A38-4A03-86D7-8D463C917E47}.Ad-Hoc|iPhone.ActiveCfg = Release|Any CPU
		{2E3DF5C2-8A38-4A03-86D7-8D463C917E47}.Ad-Hoc|iPhone.Build.0 = Release|Any CPU
		{2E3DF5C2-8A38-4A03-86D7-8D463C917E47}.Ad-Hoc|iPhoneSimulator.ActiveCfg = Release|Any CPU
		{2E3DF5C2-8A38-4A03-86D7-8D463C917E47}.Ad-Hoc|iPhoneSimulator.Build.0 = Release|Any CPU
		{2E3DF5C2-8A38-4A03-86D7-8D463C917E47}.Ad-Hoc|x64.ActiveCfg = Release|Any CPU
		{2E3DF5C2-8A38-4A03-86D7-8D463C917E47}.Ad-Hoc|x64.Build.0 = Release|Any CPU
		{2E3DF5C2-8A38-4A03-86D7-8D463C917E47}.Ad-Hoc|x86.ActiveCfg = Release|Any CPU
		{2E3DF5C2-8A38-4A03-86D7-8D463C917E47}.Ad-Hoc|x86.Build.0 = Release|Any CPU
		{2E3DF5C2-8A38-4A03-86D7-8D463C917E47}.AppStore|Any CPU.ActiveCfg = Release|Any CPU
		{2E3DF5C2-8A38-4A03-86D7-8D463C917E47}.AppStore|Any CPU.Build.0 = Release|Any CPU
		{2E3DF5C2-8A38-4A03-86D7-8D463C917E47}.AppStore|ARM.ActiveCfg = Release|Any CPU
		{2E3DF5C2-8A38-4A03-86D7-8D463C917E47}.AppStore|ARM.Build.0 = Release|Any CPU
		{2E3DF5C2-8A38-4A03-86D7-8D463C917E47}.AppStore|iPhone.ActiveCfg = Release|Any CPU
		{2E3DF5C2-8A38-4A03-86D7-8D463C917E47}.AppStore|iPhone.Build.0 = Release|Any CPU
		{2E3DF5C2-8A38-4A03-86D7-8D463C917E47}.AppStore|iPhoneSimulator.ActiveCfg = Release|Any CPU
		{2E3DF5C2-8A38-4A03-86D7-8D463C917E47}.AppStore|iPhoneSimulator.Build.0 = Release|Any CPU
		{2E3DF5C2-8A38-4A03-86D7-8D463C917E47}.AppStore|x64.ActiveCfg = Release|Any CPU
		{2E3DF5C2-8A38-4A03-86D7-8D463C917E47}.AppStore|x64.Build.0 = Release|Any CPU
		{2E3DF5C2-8A38-4A03-86D7-8D463C917E47}.AppStore|x86.ActiveCfg = Release|Any CPU
		{2E3DF5C2-8A38-4A03-86D7-8D463C917E47}.AppStore|x86.Build.0 = Release|Any CPU
		{2E3DF5C2-8A38-4A03-86D7-8D463C917E47}.Debug|Any CPU.ActiveCfg = Debug|Any CPU
		{2E3DF5C2-8A38-4A03-86D7-8D463C917E47}.Debug|Any CPU.Build.0 = Debug|Any CPU
		{2E3DF5C2-8A38-4A03-86D7-8D463C917E47}.Debug|ARM.ActiveCfg = Debug|Any CPU
		{2E3DF5C2-8A38-4A03-86D7-8D463C917E47}.Debug|ARM.Build.0 = Debug|Any CPU
		{2E3DF5C2-8A38-4A03-86D7-8D463C917E47}.Debug|iPhone.ActiveCfg = Debug|Any CPU
		{2E3DF5C2-8A38-4A03-86D7-8D463C917E47}.Debug|iPhone.Build.0 = Debug|Any CPU
		{2E3DF5C2-8A38-4A03-86D7-8D463C917E47}.Debug|iPhoneSimulator.ActiveCfg = Debug|Any CPU
		{2E3DF5C2-8A38-4A03-86D7-8D463C917E47}.Debug|iPhoneSimulator.Build.0 = Debug|Any CPU
		{2E3DF5C2-8A38-4A03-86D7-8D463C917E47}.Debug|x64.ActiveCfg = Debug|Any CPU
		{2E3DF5C2-8A38-4A03-86D7-8D463C917E47}.Debug|x64.Build.0 = Debug|Any CPU
		{2E3DF5C2-8A38-4A03-86D7-8D463C917E47}.Debug|x86.ActiveCfg = Debug|Any CPU
		{2E3DF5C2-8A38-4A03-86D7-8D463C917E47}.Debug|x86.Build.0 = Debug|Any CPU
		{2E3DF5C2-8A38-4A03-86D7-8D463C917E47}.Release|Any CPU.ActiveCfg = Release|Any CPU
		{2E3DF5C2-8A38-4A03-86D7-8D463C917E47}.Release|Any CPU.Build.0 = Release|Any CPU
		{2E3DF5C2-8A38-4A03-86D7-8D463C917E47}.Release|ARM.ActiveCfg = Release|Any CPU
		{2E3DF5C2-8A38-4A03-86D7-8D463C917E47}.Release|ARM.Build.0 = Release|Any CPU
		{2E3DF5C2-8A38-4A03-86D7-8D463C917E47}.Release|iPhone.ActiveCfg = Release|Any CPU
		{2E3DF5C2-8A38-4A03-86D7-8D463C917E47}.Release|iPhone.Build.0 = Release|Any CPU
		{2E3DF5C2-8A38-4A03-86D7-8D463C917E47}.Release|iPhoneSimulator.ActiveCfg = Release|Any CPU
		{2E3DF5C2-8A38-4A03-86D7-8D463C917E47}.Release|iPhoneSimulator.Build.0 = Release|Any CPU
		{2E3DF5C2-8A38-4A03-86D7-8D463C917E47}.Release|x64.ActiveCfg = Release|Any CPU
		{2E3DF5C2-8A38-4A03-86D7-8D463C917E47}.Release|x64.Build.0 = Release|Any CPU
		{2E3DF5C2-8A38-4A03-86D7-8D463C917E47}.Release|x86.ActiveCfg = Release|Any CPU
		{2E3DF5C2-8A38-4A03-86D7-8D463C917E47}.Release|x86.Build.0 = Release|Any CPU
	EndGlobalSection
	GlobalSection(SolutionProperties) = preSolution
		HideSolutionNode = FALSE
	EndGlobalSection
	GlobalSection(NestedProjects) = preSolution
		{2E3DF5C2-8A38-4A03-86D7-8D463C917E47} = {75CCDB6D-E6D2-43F7-9A9E-5FE1FF29D01C}
	EndGlobalSection
	GlobalSection(ExtensibilityGlobals) = postSolution
		SolutionGuid = {8F705C28-325F-4559-AB4A-B16119B089FE}
	EndGlobalSection
EndGlobal
