
Microsoft Visual Studio Solution File, Format Version 12.00
# Visual Studio Version 16
VisualStudioVersion = 16.0.29905.134
MinimumVisualStudioVersion = 10.0.40219.1
Project("{2150E333-8FDC-42A3-9474-1A3956D46DE8}") = "Platforms", "Platforms", "{147C9D3E-FEF5-4325-A9CF-B85B62207808}"
EndProject
Project("{FAE04EC0-301F-11D3-BF4B-00C04F79EFBC}") = "TTKS.Admin.Android", "Platforms\Android\TTKS.Admin.Android.csproj", "{38ADDA51-2AC5-4BD8-938B-2CCC936C8358}"
EndProject
Project("{FAE04EC0-301F-11D3-BF4B-00C04F79EFBC}") = "TTKS.Admin.iOS", "Platforms\iOS\TTKS.Admin.iOS.csproj", "{992237C1-E0B0-4D9A-9A12-43D8131B4B14}"
EndProject
Project("{FAE04EC0-301F-11D3-BF4B-00C04F79EFBC}") = "TTKS.Admin.UWP", "Platforms\UWP\TTKS.Admin.UWP.csproj", "{434EFB72-1BEE-4A4D-9DD4-0CEF27991AC7}"
EndProject
Project("{9A19103F-16F7-4668-BE54-9A1E7A4F7556}") = "TTKS.Admin", "Shared\TTKS.Admin.csproj", "{206F014F-F19E-4CFA-A7AB-DF44BE7B8B4A}"
EndProject
Project("{2150E333-8FDC-42A3-9474-1A3956D46DE8}") = "Tests", "Tests", "{86C2B2B2-BDE3-4F8B-AB4A-1DB2745FDFDC}"
EndProject
Project("{9A19103F-16F7-4668-BE54-9A1E7A4F7556}") = "TTKS.Admin.Tests", "Tests\TTKS.Admin.Tests.csproj", "{2FFE412A-2D18-40CD-BE17-2AE0C94097D7}"
EndProject
Project("{9A19103F-16F7-4668-BE54-9A1E7A4F7556}") = "TTKS.Core.Domain", "..\TTKS.Core\TTKS.Core.Domain.csproj", "{84449A1B-8E65-4532-BC3D-8064D58A6BBA}"
EndProject
Global
	GlobalSection(SolutionConfigurationPlatforms) = preSolution
		Debug|Any CPU = Debug|Any CPU
		Debug|ARM = Debug|ARM
		Debug|iPhone = Debug|iPhone
		Debug|iPhoneSimulator = Debug|iPhoneSimulator
		Debug|x64 = Debug|x64
		Debug|x86 = Debug|x86
		Release|Any CPU = Release|Any CPU
		Release|ARM = Release|ARM
		Release|iPhone = Release|iPhone
		Release|iPhoneSimulator = Release|iPhoneSimulator
		Release|x64 = Release|x64
		Release|x86 = Release|x86
	EndGlobalSection
	GlobalSection(ProjectConfigurationPlatforms) = postSolution
		{38ADDA51-2AC5-4BD8-938B-2CCC936C8358}.Debug|Any CPU.ActiveCfg = Debug|Any CPU
		{38ADDA51-2AC5-4BD8-938B-2CCC936C8358}.Debug|Any CPU.Build.0 = Debug|Any CPU
		{38ADDA51-2AC5-4BD8-938B-2CCC936C8358}.Debug|Any CPU.Deploy.0 = Debug|Any CPU
		{38ADDA51-2AC5-4BD8-938B-2CCC936C8358}.Debug|ARM.ActiveCfg = Debug|Any CPU
		{38ADDA51-2AC5-4BD8-938B-2CCC936C8358}.Debug|ARM.Build.0 = Debug|Any CPU
		{38ADDA51-2AC5-4BD8-938B-2CCC936C8358}.Debug|ARM.Deploy.0 = Debug|Any CPU
		{38ADDA51-2AC5-4BD8-938B-2CCC936C8358}.Debug|iPhone.ActiveCfg = Debug|Any CPU
		{38ADDA51-2AC5-4BD8-938B-2CCC936C8358}.Debug|iPhone.Build.0 = Debug|Any CPU
		{38ADDA51-2AC5-4BD8-938B-2CCC936C8358}.Debug|iPhone.Deploy.0 = Debug|Any CPU
		{38ADDA51-2AC5-4BD8-938B-2CCC936C8358}.Debug|iPhoneSimulator.ActiveCfg = Debug|Any CPU
		{38ADDA51-2AC5-4BD8-938B-2CCC936C8358}.Debug|iPhoneSimulator.Build.0 = Debug|Any CPU
		{38ADDA51-2AC5-4BD8-938B-2CCC936C8358}.Debug|iPhoneSimulator.Deploy.0 = Debug|Any CPU
		{38ADDA51-2AC5-4BD8-938B-2CCC936C8358}.Debug|x64.ActiveCfg = Debug|Any CPU
		{38ADDA51-2AC5-4BD8-938B-2CCC936C8358}.Debug|x64.Build.0 = Debug|Any CPU
		{38ADDA51-2AC5-4BD8-938B-2CCC936C8358}.Debug|x64.Deploy.0 = Debug|Any CPU
		{38ADDA51-2AC5-4BD8-938B-2CCC936C8358}.Debug|x86.ActiveCfg = Debug|Any CPU
		{38ADDA51-2AC5-4BD8-938B-2CCC936C8358}.Debug|x86.Build.0 = Debug|Any CPU
		{38ADDA51-2AC5-4BD8-938B-2CCC936C8358}.Debug|x86.Deploy.0 = Debug|Any CPU
		{38ADDA51-2AC5-4BD8-938B-2CCC936C8358}.Release|Any CPU.ActiveCfg = Release|Any CPU
		{38ADDA51-2AC5-4BD8-938B-2CCC936C8358}.Release|Any CPU.Build.0 = Release|Any CPU
		{38ADDA51-2AC5-4BD8-938B-2CCC936C8358}.Release|Any CPU.Deploy.0 = Release|Any CPU
		{38ADDA51-2AC5-4BD8-938B-2CCC936C8358}.Release|ARM.ActiveCfg = Release|Any CPU
		{38ADDA51-2AC5-4BD8-938B-2CCC936C8358}.Release|ARM.Build.0 = Release|Any CPU
		{38ADDA51-2AC5-4BD8-938B-2CCC936C8358}.Release|ARM.Deploy.0 = Release|Any CPU
		{38ADDA51-2AC5-4BD8-938B-2CCC936C8358}.Release|iPhone.ActiveCfg = Release|Any CPU
		{38ADDA51-2AC5-4BD8-938B-2CCC936C8358}.Release|iPhone.Build.0 = Release|Any CPU
		{38ADDA51-2AC5-4BD8-938B-2CCC936C8358}.Release|iPhone.Deploy.0 = Release|Any CPU
		{38ADDA51-2AC5-4BD8-938B-2CCC936C8358}.Release|iPhoneSimulator.ActiveCfg = Release|Any CPU
		{38ADDA51-2AC5-4BD8-938B-2CCC936C8358}.Release|iPhoneSimulator.Build.0 = Release|Any CPU
		{38ADDA51-2AC5-4BD8-938B-2CCC936C8358}.Release|iPhoneSimulator.Deploy.0 = Release|Any CPU
		{38ADDA51-2AC5-4BD8-938B-2CCC936C8358}.Release|x64.ActiveCfg = Release|Any CPU
		{38ADDA51-2AC5-4BD8-938B-2CCC936C8358}.Release|x64.Build.0 = Release|Any CPU
		{38ADDA51-2AC5-4BD8-938B-2CCC936C8358}.Release|x64.Deploy.0 = Release|Any CPU
		{38ADDA51-2AC5-4BD8-938B-2CCC936C8358}.Release|x86.ActiveCfg = Release|Any CPU
		{38ADDA51-2AC5-4BD8-938B-2CCC936C8358}.Release|x86.Build.0 = Release|Any CPU
		{38ADDA51-2AC5-4BD8-938B-2CCC936C8358}.Release|x86.Deploy.0 = Release|Any CPU
		{992237C1-E0B0-4D9A-9A12-43D8131B4B14}.Debug|Any CPU.ActiveCfg = Debug|iPhone
		{992237C1-E0B0-4D9A-9A12-43D8131B4B14}.Debug|ARM.ActiveCfg = Debug|iPhone
		{992237C1-E0B0-4D9A-9A12-43D8131B4B14}.Debug|iPhone.ActiveCfg = Debug|iPhone
		{992237C1-E0B0-4D9A-9A12-43D8131B4B14}.Debug|iPhone.Build.0 = Debug|iPhone
		{992237C1-E0B0-4D9A-9A12-43D8131B4B14}.Debug|iPhoneSimulator.ActiveCfg = Debug|iPhoneSimulator
		{992237C1-E0B0-4D9A-9A12-43D8131B4B14}.Debug|iPhoneSimulator.Build.0 = Debug|iPhoneSimulator
		{992237C1-E0B0-4D9A-9A12-43D8131B4B14}.Debug|x64.ActiveCfg = Debug|iPhone
		{992237C1-E0B0-4D9A-9A12-43D8131B4B14}.Debug|x86.ActiveCfg = Debug|iPhone
		{992237C1-E0B0-4D9A-9A12-43D8131B4B14}.Release|Any CPU.ActiveCfg = Release|iPhone
		{992237C1-E0B0-4D9A-9A12-43D8131B4B14}.Release|ARM.ActiveCfg = Release|iPhone
		{992237C1-E0B0-4D9A-9A12-43D8131B4B14}.Release|iPhone.ActiveCfg = Release|iPhone
		{992237C1-E0B0-4D9A-9A12-43D8131B4B14}.Release|iPhone.Build.0 = Release|iPhone
		{992237C1-E0B0-4D9A-9A12-43D8131B4B14}.Release|iPhoneSimulator.ActiveCfg = Release|iPhoneSimulator
		{992237C1-E0B0-4D9A-9A12-43D8131B4B14}.Release|iPhoneSimulator.Build.0 = Release|iPhoneSimulator
		{992237C1-E0B0-4D9A-9A12-43D8131B4B14}.Release|x64.ActiveCfg = Release|iPhone
		{992237C1-E0B0-4D9A-9A12-43D8131B4B14}.Release|x86.ActiveCfg = Release|iPhone
		{434EFB72-1BEE-4A4D-9DD4-0CEF27991AC7}.Debug|Any CPU.ActiveCfg = Debug|x86
		{434EFB72-1BEE-4A4D-9DD4-0CEF27991AC7}.Debug|ARM.ActiveCfg = Debug|ARM
		{434EFB72-1BEE-4A4D-9DD4-0CEF27991AC7}.Debug|ARM.Build.0 = Debug|ARM
		{434EFB72-1BEE-4A4D-9DD4-0CEF27991AC7}.Debug|ARM.Deploy.0 = Debug|ARM
		{434EFB72-1BEE-4A4D-9DD4-0CEF27991AC7}.Debug|iPhone.ActiveCfg = Debug|x86
		{434EFB72-1BEE-4A4D-9DD4-0CEF27991AC7}.Debug|iPhoneSimulator.ActiveCfg = Debug|x86
		{434EFB72-1BEE-4A4D-9DD4-0CEF27991AC7}.Debug|x64.ActiveCfg = Debug|x64
		{434EFB72-1BEE-4A4D-9DD4-0CEF27991AC7}.Debug|x64.Build.0 = Debug|x64
		{434EFB72-1BEE-4A4D-9DD4-0CEF27991AC7}.Debug|x64.Deploy.0 = Debug|x64
		{434EFB72-1BEE-4A4D-9DD4-0CEF27991AC7}.Debug|x86.ActiveCfg = Debug|x86
		{434EFB72-1BEE-4A4D-9DD4-0CEF27991AC7}.Debug|x86.Build.0 = Debug|x86
		{434EFB72-1BEE-4A4D-9DD4-0CEF27991AC7}.Debug|x86.Deploy.0 = Debug|x86
		{434EFB72-1BEE-4A4D-9DD4-0CEF27991AC7}.Release|Any CPU.ActiveCfg = Release|x86
		{434EFB72-1BEE-4A4D-9DD4-0CEF27991AC7}.Release|ARM.ActiveCfg = Release|ARM
		{434EFB72-1BEE-4A4D-9DD4-0CEF27991AC7}.Release|ARM.Build.0 = Release|ARM
		{434EFB72-1BEE-4A4D-9DD4-0CEF27991AC7}.Release|ARM.Deploy.0 = Release|ARM
		{434EFB72-1BEE-4A4D-9DD4-0CEF27991AC7}.Release|iPhone.ActiveCfg = Release|x86
		{434EFB72-1BEE-4A4D-9DD4-0CEF27991AC7}.Release|iPhoneSimulator.ActiveCfg = Release|x86
		{434EFB72-1BEE-4A4D-9DD4-0CEF27991AC7}.Release|x64.ActiveCfg = Release|x64
		{434EFB72-1BEE-4A4D-9DD4-0CEF27991AC7}.Release|x64.Build.0 = Release|x64
		{434EFB72-1BEE-4A4D-9DD4-0CEF27991AC7}.Release|x64.Deploy.0 = Release|x64
		{434EFB72-1BEE-4A4D-9DD4-0CEF27991AC7}.Release|x86.ActiveCfg = Release|x86
		{434EFB72-1BEE-4A4D-9DD4-0CEF27991AC7}.Release|x86.Build.0 = Release|x86
		{434EFB72-1BEE-4A4D-9DD4-0CEF27991AC7}.Release|x86.Deploy.0 = Release|x86
		{206F014F-F19E-4CFA-A7AB-DF44BE7B8B4A}.Debug|Any CPU.ActiveCfg = Debug|Any CPU
		{206F014F-F19E-4CFA-A7AB-DF44BE7B8B4A}.Debug|Any CPU.Build.0 = Debug|Any CPU
		{206F014F-F19E-4CFA-A7AB-DF44BE7B8B4A}.Debug|ARM.ActiveCfg = Debug|Any CPU
		{206F014F-F19E-4CFA-A7AB-DF44BE7B8B4A}.Debug|ARM.Build.0 = Debug|Any CPU
		{206F014F-F19E-4CFA-A7AB-DF44BE7B8B4A}.Debug|iPhone.ActiveCfg = Debug|Any CPU
		{206F014F-F19E-4CFA-A7AB-DF44BE7B8B4A}.Debug|iPhone.Build.0 = Debug|Any CPU
		{206F014F-F19E-4CFA-A7AB-DF44BE7B8B4A}.Debug|iPhoneSimulator.ActiveCfg = Debug|Any CPU
		{206F014F-F19E-4CFA-A7AB-DF44BE7B8B4A}.Debug|iPhoneSimulator.Build.0 = Debug|Any CPU
		{206F014F-F19E-4CFA-A7AB-DF44BE7B8B4A}.Debug|x64.ActiveCfg = Debug|Any CPU
		{206F014F-F19E-4CFA-A7AB-DF44BE7B8B4A}.Debug|x64.Build.0 = Debug|Any CPU
		{206F014F-F19E-4CFA-A7AB-DF44BE7B8B4A}.Debug|x86.ActiveCfg = Debug|Any CPU
		{206F014F-F19E-4CFA-A7AB-DF44BE7B8B4A}.Debug|x86.Build.0 = Debug|Any CPU
		{206F014F-F19E-4CFA-A7AB-DF44BE7B8B4A}.Release|Any CPU.ActiveCfg = Release|Any CPU
		{206F014F-F19E-4CFA-A7AB-DF44BE7B8B4A}.Release|Any CPU.Build.0 = Release|Any CPU
		{206F014F-F19E-4CFA-A7AB-DF44BE7B8B4A}.Release|ARM.ActiveCfg = Release|Any CPU
		{206F014F-F19E-4CFA-A7AB-DF44BE7B8B4A}.Release|ARM.Build.0 = Release|Any CPU
		{206F014F-F19E-4CFA-A7AB-DF44BE7B8B4A}.Release|iPhone.ActiveCfg = Release|Any CPU
		{206F014F-F19E-4CFA-A7AB-DF44BE7B8B4A}.Release|iPhone.Build.0 = Release|Any CPU
		{206F014F-F19E-4CFA-A7AB-DF44BE7B8B4A}.Release|iPhoneSimulator.ActiveCfg = Release|Any CPU
		{206F014F-F19E-4CFA-A7AB-DF44BE7B8B4A}.Release|iPhoneSimulator.Build.0 = Release|Any CPU
		{206F014F-F19E-4CFA-A7AB-DF44BE7B8B4A}.Release|x64.ActiveCfg = Release|Any CPU
		{206F014F-F19E-4CFA-A7AB-DF44BE7B8B4A}.Release|x64.Build.0 = Release|Any CPU
		{206F014F-F19E-4CFA-A7AB-DF44BE7B8B4A}.Release|x86.ActiveCfg = Release|Any CPU
		{206F014F-F19E-4CFA-A7AB-DF44BE7B8B4A}.Release|x86.Build.0 = Release|Any CPU
		{2FFE412A-2D18-40CD-BE17-2AE0C94097D7}.Debug|Any CPU.ActiveCfg = Debug|Any CPU
		{2FFE412A-2D18-40CD-BE17-2AE0C94097D7}.Debug|Any CPU.Build.0 = Debug|Any CPU
		{2FFE412A-2D18-40CD-BE17-2AE0C94097D7}.Debug|ARM.ActiveCfg = Debug|Any CPU
		{2FFE412A-2D18-40CD-BE17-2AE0C94097D7}.Debug|ARM.Build.0 = Debug|Any CPU
		{2FFE412A-2D18-40CD-BE17-2AE0C94097D7}.Debug|iPhone.ActiveCfg = Debug|Any CPU
		{2FFE412A-2D18-40CD-BE17-2AE0C94097D7}.Debug|iPhone.Build.0 = Debug|Any CPU
		{2FFE412A-2D18-40CD-BE17-2AE0C94097D7}.Debug|iPhoneSimulator.ActiveCfg = Debug|Any CPU
		{2FFE412A-2D18-40CD-BE17-2AE0C94097D7}.Debug|iPhoneSimulator.Build.0 = Debug|Any CPU
		{2FFE412A-2D18-40CD-BE17-2AE0C94097D7}.Debug|x64.ActiveCfg = Debug|Any CPU
		{2FFE412A-2D18-40CD-BE17-2AE0C94097D7}.Debug|x64.Build.0 = Debug|Any CPU
		{2FFE412A-2D18-40CD-BE17-2AE0C94097D7}.Debug|x86.ActiveCfg = Debug|Any CPU
		{2FFE412A-2D18-40CD-BE17-2AE0C94097D7}.Debug|x86.Build.0 = Debug|Any CPU
		{2FFE412A-2D18-40CD-BE17-2AE0C94097D7}.Release|Any CPU.ActiveCfg = Release|Any CPU
		{2FFE412A-2D18-40CD-BE17-2AE0C94097D7}.Release|Any CPU.Build.0 = Release|Any CPU
		{2FFE412A-2D18-40CD-BE17-2AE0C94097D7}.Release|ARM.ActiveCfg = Release|Any CPU
		{2FFE412A-2D18-40CD-BE17-2AE0C94097D7}.Release|ARM.Build.0 = Release|Any CPU
		{2FFE412A-2D18-40CD-BE17-2AE0C94097D7}.Release|iPhone.ActiveCfg = Release|Any CPU
		{2FFE412A-2D18-40CD-BE17-2AE0C94097D7}.Release|iPhone.Build.0 = Release|Any CPU
		{2FFE412A-2D18-40CD-BE17-2AE0C94097D7}.Release|iPhoneSimulator.ActiveCfg = Release|Any CPU
		{2FFE412A-2D18-40CD-BE17-2AE0C94097D7}.Release|iPhoneSimulator.Build.0 = Release|Any CPU
		{2FFE412A-2D18-40CD-BE17-2AE0C94097D7}.Release|x64.ActiveCfg = Release|Any CPU
		{2FFE412A-2D18-40CD-BE17-2AE0C94097D7}.Release|x64.Build.0 = Release|Any CPU
		{2FFE412A-2D18-40CD-BE17-2AE0C94097D7}.Release|x86.ActiveCfg = Release|Any CPU
		{2FFE412A-2D18-40CD-BE17-2AE0C94097D7}.Release|x86.Build.0 = Release|Any CPU
		{84449A1B-8E65-4532-BC3D-8064D58A6BBA}.Debug|Any CPU.ActiveCfg = Debug|Any CPU
		{84449A1B-8E65-4532-BC3D-8064D58A6BBA}.Debug|Any CPU.Build.0 = Debug|Any CPU
		{84449A1B-8E65-4532-BC3D-8064D58A6BBA}.Debug|ARM.ActiveCfg = Debug|Any CPU
		{84449A1B-8E65-4532-BC3D-8064D58A6BBA}.Debug|ARM.Build.0 = Debug|Any CPU
		{84449A1B-8E65-4532-BC3D-8064D58A6BBA}.Debug|iPhone.ActiveCfg = Debug|Any CPU
		{84449A1B-8E65-4532-BC3D-8064D58A6BBA}.Debug|iPhone.Build.0 = Debug|Any CPU
		{84449A1B-8E65-4532-BC3D-8064D58A6BBA}.Debug|iPhoneSimulator.ActiveCfg = Debug|Any CPU
		{84449A1B-8E65-4532-BC3D-8064D58A6BBA}.Debug|iPhoneSimulator.Build.0 = Debug|Any CPU
		{84449A1B-8E65-4532-BC3D-8064D58A6BBA}.Debug|x64.ActiveCfg = Debug|Any CPU
		{84449A1B-8E65-4532-BC3D-8064D58A6BBA}.Debug|x64.Build.0 = Debug|Any CPU
		{84449A1B-8E65-4532-BC3D-8064D58A6BBA}.Debug|x86.ActiveCfg = Debug|Any CPU
		{84449A1B-8E65-4532-BC3D-8064D58A6BBA}.Debug|x86.Build.0 = Debug|Any CPU
		{84449A1B-8E65-4532-BC3D-8064D58A6BBA}.Release|Any CPU.ActiveCfg = Release|Any CPU
		{84449A1B-8E65-4532-BC3D-8064D58A6BBA}.Release|Any CPU.Build.0 = Release|Any CPU
		{84449A1B-8E65-4532-BC3D-8064D58A6BBA}.Release|ARM.ActiveCfg = Release|Any CPU
		{84449A1B-8E65-4532-BC3D-8064D58A6BBA}.Release|ARM.Build.0 = Release|Any CPU
		{84449A1B-8E65-4532-BC3D-8064D58A6BBA}.Release|iPhone.ActiveCfg = Release|Any CPU
		{84449A1B-8E65-4532-BC3D-8064D58A6BBA}.Release|iPhone.Build.0 = Release|Any CPU
		{84449A1B-8E65-4532-BC3D-8064D58A6BBA}.Release|iPhoneSimulator.ActiveCfg = Release|Any CPU
		{84449A1B-8E65-4532-BC3D-8064D58A6BBA}.Release|iPhoneSimulator.Build.0 = Release|Any CPU
		{84449A1B-8E65-4532-BC3D-8064D58A6BBA}.Release|x64.ActiveCfg = Release|Any CPU
		{84449A1B-8E65-4532-BC3D-8064D58A6BBA}.Release|x64.Build.0 = Release|Any CPU
		{84449A1B-8E65-4532-BC3D-8064D58A6BBA}.Release|x86.ActiveCfg = Release|Any CPU
		{84449A1B-8E65-4532-BC3D-8064D58A6BBA}.Release|x86.Build.0 = Release|Any CPU
	EndGlobalSection
	GlobalSection(SolutionProperties) = preSolution
		HideSolutionNode = FALSE
	EndGlobalSection
	GlobalSection(NestedProjects) = preSolution
		{38ADDA51-2AC5-4BD8-938B-2CCC936C8358} = {147C9D3E-FEF5-4325-A9CF-B85B62207808}
		{992237C1-E0B0-4D9A-9A12-43D8131B4B14} = {147C9D3E-FEF5-4325-A9CF-B85B62207808}
		{434EFB72-1BEE-4A4D-9DD4-0CEF27991AC7} = {147C9D3E-FEF5-4325-A9CF-B85B62207808}
		{2FFE412A-2D18-40CD-BE17-2AE0C94097D7} = {86C2B2B2-BDE3-4F8B-AB4A-1DB2745FDFDC}
	EndGlobalSection
	GlobalSection(ExtensibilityGlobals) = postSolution
		SolutionGuid = {DAA4E4A9-C471-408C-9C86-1849B8C421DF}
	EndGlobalSection
EndGlobal
