
Microsoft Visual Studio Solution File, Format Version 12.00
# Visual Studio Version 16
VisualStudioVersion = 16.0.29424.173
MinimumVisualStudioVersion = 10.0.40219.1
Project("{FAE04EC0-301F-11D3-BF4B-00C04F79EFBC}") = "TTKS.Android", "TTKS\Platforms\Android\TTKS.Android.csproj", "{24CE3C36-16B9-426D-AA0C-5961ECF8D88C}"
EndProject
Project("{FAE04EC0-301F-11D3-BF4B-00C04F79EFBC}") = "TTKS.iOS", "TTKS\Platforms\iOS\TTKS.iOS.csproj", "{9DD1708A-359F-4B25-BA71-C8D5086B84B5}"
EndProject
Project("{FAE04EC0-301F-11D3-BF4B-00C04F79EFBC}") = "TTKS.UWP", "TTKS\Platforms\UWP\TTKS.UWP.csproj", "{ADE926F3-3763-4749-9AAB-E00A8D7B14B7}"
EndProject
Project("{9A19103F-16F7-4668-BE54-9A1E7A4F7556}") = "TTKS.Presentation", "TTKS\Presentation\TTKS.Presentation.csproj", "{37FDCF57-928D-4259-B889-93C646EBF1AC}"
EndProject
Project("{2150E333-8FDC-42A3-9474-1A3956D46DE8}") = "TTKS", "TTKS", "{680BBFD3-7063-4166-A48A-110D7A099EF9}"
EndProject
Project("{9A19103F-16F7-4668-BE54-9A1E7A4F7556}") = "TTKS.Core.Domain", "TTKS.Core\TTKS.Core.Domain.csproj", "{0E27802D-AF68-49A6-A900-FA3305A36925}"
EndProject
Project("{2150E333-8FDC-42A3-9474-1A3956D46DE8}") = "Solution Items", "Solution Items", "{7B441838-EA28-498F-B58D-9D86264D627D}"
	ProjectSection(SolutionItems) = preProject
		Directory.build.props = Directory.build.props
	EndProjectSection
EndProject
Project("{9A19103F-16F7-4668-BE54-9A1E7A4F7556}") = "TTKS.Tests", "TTKS\Tests\TTKS.Tests.csproj", "{2E3DF5C2-8A38-4A03-86D7-8D463C917E47}"
EndProject
Project("{9A19103F-16F7-4668-BE54-9A1E7A4F7556}") = "TTKS.Data", "TTKS\Data\TTKS.Data.csproj", "{EB20C10A-EE26-4069-8A6F-E185D7FEC769}"
EndProject
Project("{9A19103F-16F7-4668-BE54-9A1E7A4F7556}") = "TTKS.Domain", "TTKS\Domain\TTKS.Domain.csproj", "{1F420253-6219-418E-9484-73590FBCB8F0}"
EndProject
Project("{2150E333-8FDC-42A3-9474-1A3956D46DE8}") = "Platforms", "Platforms", "{0520E5C6-C5B9-4158-AE8A-CF6235391A5B}"
EndProject
Project("{2150E333-8FDC-42A3-9474-1A3956D46DE8}") = "Tests", "Tests", "{735F0053-5915-45C5-8BAF-7DB49C0B4543}"
EndProject
Project("{9A19103F-16F7-4668-BE54-9A1E7A4F7556}") = "TTKS.Core.Data", "TTKS.Core.Data\TTKS.Core.Data.csproj", "{5B2444DD-8FAA-4F28-BB44-E83E3C1FAFB5}"
EndProject
Project("{9A19103F-16F7-4668-BE54-9A1E7A4F7556}") = "TTKS.Core.Presentation", "TTKS.Core.Presentation\TTKS.Core.Presentation.csproj", "{1A51CE09-06D5-455F-8ECA-A311F63D28CA}"
EndProject
Global
	GlobalSection(SolutionConfigurationPlatforms) = preSolution
		Ad-Hoc|Any CPU = Ad-Hoc|Any CPU
		Ad-Hoc|ARM = Ad-Hoc|ARM
		Ad-Hoc|iPhone = Ad-Hoc|iPhone
		Ad-Hoc|iPhoneSimulator = Ad-Hoc|iPhoneSimulator
		Ad-Hoc|x64 = Ad-Hoc|x64
		Ad-Hoc|x86 = Ad-Hoc|x86
		AppStore|Any CPU = AppStore|Any CPU
		AppStore|ARM = AppStore|ARM
		AppStore|iPhone = AppStore|iPhone
		AppStore|iPhoneSimulator = AppStore|iPhoneSimulator
		AppStore|x64 = AppStore|x64
		AppStore|x86 = AppStore|x86
		Debug|Any CPU = Debug|Any CPU
		Debug|ARM = Debug|ARM
		Debug|iPhone = Debug|iPhone
		Debug|iPhoneSimulator = Debug|iPhoneSimulator
		Debug|x64 = Debug|x64
		Debug|x86 = Debug|x86
		Release|Any CPU = Release|Any CPU
		Release|ARM = Release|ARM
		Release|iPhone = Release|iPhone
		Release|iPhoneSimulator = Release|iPhoneSimulator
		Release|x64 = Release|x64
		Release|x86 = Release|x86
	EndGlobalSection
	GlobalSection(ProjectConfigurationPlatforms) = postSolution
		{24CE3C36-16B9-426D-AA0C-5961ECF8D88C}.Ad-Hoc|Any CPU.ActiveCfg = Release|Any CPU
		{24CE3C36-16B9-426D-AA0C-5961ECF8D88C}.Ad-Hoc|Any CPU.Build.0 = Release|Any CPU
		{24CE3C36-16B9-426D-AA0C-5961ECF8D88C}.Ad-Hoc|Any CPU.Deploy.0 = Release|Any CPU
		{24CE3C36-16B9-426D-AA0C-5961ECF8D88C}.Ad-Hoc|ARM.ActiveCfg = Release|Any CPU
		{24CE3C36-16B9-426D-AA0C-5961ECF8D88C}.Ad-Hoc|ARM.Build.0 = Release|Any CPU
		{24CE3C36-16B9-426D-AA0C-5961ECF8D88C}.Ad-Hoc|ARM.Deploy.0 = Release|Any CPU
		{24CE3C36-16B9-426D-AA0C-5961ECF8D88C}.Ad-Hoc|iPhone.ActiveCfg = Release|Any CPU
		{24CE3C36-16B9-426D-AA0C-5961ECF8D88C}.Ad-Hoc|iPhone.Build.0 = Release|Any CPU
		{24CE3C36-16B9-426D-AA0C-5961ECF8D88C}.Ad-Hoc|iPhone.Deploy.0 = Release|Any CPU
		{24CE3C36-16B9-426D-AA0C-5961ECF8D88C}.Ad-Hoc|iPhoneSimulator.ActiveCfg = Release|Any CPU
		{24CE3C36-16B9-426D-AA0C-5961ECF8D88C}.Ad-Hoc|iPhoneSimulator.Build.0 = Release|Any CPU
		{24CE3C36-16B9-426D-AA0C-5961ECF8D88C}.Ad-Hoc|iPhoneSimulator.Deploy.0 = Release|Any CPU
		{24CE3C36-16B9-426D-AA0C-5961ECF8D88C}.Ad-Hoc|x64.ActiveCfg = Release|Any CPU
		{24CE3C36-16B9-426D-AA0C-5961ECF8D88C}.Ad-Hoc|x64.Build.0 = Release|Any CPU
		{24CE3C36-16B9-426D-AA0C-5961ECF8D88C}.Ad-Hoc|x64.Deploy.0 = Release|Any CPU
		{24CE3C36-16B9-426D-AA0C-5961ECF8D88C}.Ad-Hoc|x86.ActiveCfg = Release|Any CPU
		{24CE3C36-16B9-426D-AA0C-5961ECF8D88C}.Ad-Hoc|x86.Build.0 = Release|Any CPU
		{24CE3C36-16B9-426D-AA0C-5961ECF8D88C}.Ad-Hoc|x86.Deploy.0 = Release|Any CPU
		{24CE3C36-16B9-426D-AA0C-5961ECF8D88C}.AppStore|Any CPU.ActiveCfg = Release|Any CPU
		{24CE3C36-16B9-426D-AA0C-5961ECF8D88C}.AppStore|Any CPU.Build.0 = Release|Any CPU
		{24CE3C36-16B9-426D-AA0C-5961ECF8D88C}.AppStore|Any CPU.Deploy.0 = Release|Any CPU
		{24CE3C36-16B9-426D-AA0C-5961ECF8D88C}.AppStore|ARM.ActiveCfg = Release|Any CPU
		{24CE3C36-16B9-426D-AA0C-5961ECF8D88C}.AppStore|ARM.Build.0 = Release|Any CPU
		{24CE3C36-16B9-426D-AA0C-5961ECF8D88C}.AppStore|ARM.Deploy.0 = Release|Any CPU
		{24CE3C36-16B9-426D-AA0C-5961ECF8D88C}.AppStore|iPhone.ActiveCfg = Release|Any CPU
		{24CE3C36-16B9-426D-AA0C-5961ECF8D88C}.AppStore|iPhone.Build.0 = Release|Any CPU
		{24CE3C36-16B9-426D-AA0C-5961ECF8D88C}.AppStore|iPhone.Deploy.0 = Release|Any CPU
		{24CE3C36-16B9-426D-AA0C-5961ECF8D88C}.AppStore|iPhoneSimulator.ActiveCfg = Release|Any CPU
		{24CE3C36-16B9-426D-AA0C-5961ECF8D88C}.AppStore|iPhoneSimulator.Build.0 = Release|Any CPU
		{24CE3C36-16B9-426D-AA0C-5961ECF8D88C}.AppStore|iPhoneSimulator.Deploy.0 = Release|Any CPU
		{24CE3C36-16B9-426D-AA0C-5961ECF8D88C}.AppStore|x64.ActiveCfg = Release|Any CPU
		{24CE3C36-16B9-426D-AA0C-5961ECF8D88C}.AppStore|x64.Build.0 = Release|Any CPU
		{24CE3C36-16B9-426D-AA0C-5961ECF8D88C}.AppStore|x64.Deploy.0 = Release|Any CPU
		{24CE3C36-16B9-426D-AA0C-5961ECF8D88C}.AppStore|x86.ActiveCfg = Release|Any CPU
		{24CE3C36-16B9-426D-AA0C-5961ECF8D88C}.AppStore|x86.Build.0 = Release|Any CPU
		{24CE3C36-16B9-426D-AA0C-5961ECF8D88C}.AppStore|x86.Deploy.0 = Release|Any CPU
		{24CE3C36-16B9-426D-AA0C-5961ECF8D88C}.Debug|Any CPU.ActiveCfg = Debug|Any CPU
		{24CE3C36-16B9-426D-AA0C-5961ECF8D88C}.Debug|Any CPU.Build.0 = Debug|Any CPU
		{24CE3C36-16B9-426D-AA0C-5961ECF8D88C}.Debug|Any CPU.Deploy.0 = Debug|Any CPU
		{24CE3C36-16B9-426D-AA0C-5961ECF8D88C}.Debug|ARM.ActiveCfg = Debug|Any CPU
		{24CE3C36-16B9-426D-AA0C-5961ECF8D88C}.Debug|ARM.Build.0 = Debug|Any CPU
		{24CE3C36-16B9-426D-AA0C-5961ECF8D88C}.Debug|ARM.Deploy.0 = Debug|Any CPU
		{24CE3C36-16B9-426D-AA0C-5961ECF8D88C}.Debug|iPhone.ActiveCfg = Debug|Any CPU
		{24CE3C36-16B9-426D-AA0C-5961ECF8D88C}.Debug|iPhone.Build.0 = Debug|Any CPU
		{24CE3C36-16B9-426D-AA0C-5961ECF8D88C}.Debug|iPhone.Deploy.0 = Debug|Any CPU
		{24CE3C36-16B9-426D-AA0C-5961ECF8D88C}.Debug|iPhoneSimulator.ActiveCfg = Debug|Any CPU
		{24CE3C36-16B9-426D-AA0C-5961ECF8D88C}.Debug|iPhoneSimulator.Build.0 = Debug|Any CPU
		{24CE3C36-16B9-426D-AA0C-5961ECF8D88C}.Debug|iPhoneSimulator.Deploy.0 = Debug|Any CPU
		{24CE3C36-16B9-426D-AA0C-5961ECF8D88C}.Debug|x64.ActiveCfg = Debug|Any CPU
		{24CE3C36-16B9-426D-AA0C-5961ECF8D88C}.Debug|x64.Build.0 = Debug|Any CPU
		{24CE3C36-16B9-426D-AA0C-5961ECF8D88C}.Debug|x64.Deploy.0 = Debug|Any CPU
		{24CE3C36-16B9-426D-AA0C-5961ECF8D88C}.Debug|x86.ActiveCfg = Debug|Any CPU
		{24CE3C36-16B9-426D-AA0C-5961ECF8D88C}.Debug|x86.Build.0 = Debug|Any CPU
		{24CE3C36-16B9-426D-AA0C-5961ECF8D88C}.Debug|x86.Deploy.0 = Debug|Any CPU
		{24CE3C36-16B9-426D-AA0C-5961ECF8D88C}.Release|Any CPU.ActiveCfg = Release|Any CPU
		{24CE3C36-16B9-426D-AA0C-5961ECF8D88C}.Release|Any CPU.Build.0 = Release|Any CPU
		{24CE3C36-16B9-426D-AA0C-5961ECF8D88C}.Release|Any CPU.Deploy.0 = Release|Any CPU
		{24CE3C36-16B9-426D-AA0C-5961ECF8D88C}.Release|ARM.ActiveCfg = Release|Any CPU
		{24CE3C36-16B9-426D-AA0C-5961ECF8D88C}.Release|ARM.Build.0 = Release|Any CPU
		{24CE3C36-16B9-426D-AA0C-5961ECF8D88C}.Release|ARM.Deploy.0 = Release|Any CPU
		{24CE3C36-16B9-426D-AA0C-5961ECF8D88C}.Release|iPhone.ActiveCfg = Release|Any CPU
		{24CE3C36-16B9-426D-AA0C-5961ECF8D88C}.Release|iPhone.Build.0 = Release|Any CPU
		{24CE3C36-16B9-426D-AA0C-5961ECF8D88C}.Release|iPhone.Deploy.0 = Release|Any CPU
		{24CE3C36-16B9-426D-AA0C-5961ECF8D88C}.Release|iPhoneSimulator.ActiveCfg = Release|Any CPU
		{24CE3C36-16B9-426D-AA0C-5961ECF8D88C}.Release|iPhoneSimulator.Build.0 = Release|Any CPU
		{24CE3C36-16B9-426D-AA0C-5961ECF8D88C}.Release|iPhoneSimulator.Deploy.0 = Release|Any CPU
		{24CE3C36-16B9-426D-AA0C-5961ECF8D88C}.Release|x64.ActiveCfg = Release|Any CPU
		{24CE3C36-16B9-426D-AA0C-5961ECF8D88C}.Release|x64.Build.0 = Release|Any CPU
		{24CE3C36-16B9-426D-AA0C-5961ECF8D88C}.Release|x64.Deploy.0 = Release|Any CPU
		{24CE3C36-16B9-426D-AA0C-5961ECF8D88C}.Release|x86.ActiveCfg = Release|Any CPU
		{24CE3C36-16B9-426D-AA0C-5961ECF8D88C}.Release|x86.Build.0 = Release|Any CPU
		{24CE3C36-16B9-426D-AA0C-5961ECF8D88C}.Release|x86.Deploy.0 = Release|Any CPU
		{9DD1708A-359F-4B25-BA71-C8D5086B84B5}.Ad-Hoc|Any CPU.ActiveCfg = Release|iPhone
		{9DD1708A-359F-4B25-BA71-C8D5086B84B5}.Ad-Hoc|Any CPU.Build.0 = Release|iPhone
		{9DD1708A-359F-4B25-BA71-C8D5086B84B5}.Ad-Hoc|ARM.ActiveCfg = Release|iPhone
		{9DD1708A-359F-4B25-BA71-C8D5086B84B5}.Ad-Hoc|ARM.Build.0 = Release|iPhone
		{9DD1708A-359F-4B25-BA71-C8D5086B84B5}.Ad-Hoc|iPhone.ActiveCfg = Release|iPhone
		{9DD1708A-359F-4B25-BA71-C8D5086B84B5}.Ad-Hoc|iPhone.Build.0 = Release|iPhone
		{9DD1708A-359F-4B25-BA71-C8D5086B84B5}.Ad-Hoc|iPhoneSimulator.ActiveCfg = Release|iPhoneSimulator
		{9DD1708A-359F-4B25-BA71-C8D5086B84B5}.Ad-Hoc|iPhoneSimulator.Build.0 = Release|iPhoneSimulator
		{9DD1708A-359F-4B25-BA71-C8D5086B84B5}.Ad-Hoc|x64.ActiveCfg = Release|iPhone
		{9DD1708A-359F-4B25-BA71-C8D5086B84B5}.Ad-Hoc|x64.Build.0 = Release|iPhone
		{9DD1708A-359F-4B25-BA71-C8D5086B84B5}.Ad-Hoc|x86.ActiveCfg = Release|iPhone
		{9DD1708A-359F-4B25-BA71-C8D5086B84B5}.Ad-Hoc|x86.Build.0 = Release|iPhone
		{9DD1708A-359F-4B25-BA71-C8D5086B84B5}.AppStore|Any CPU.ActiveCfg = Release|iPhone
		{9DD1708A-359F-4B25-BA71-C8D5086B84B5}.AppStore|Any CPU.Build.0 = Release|iPhone
		{9DD1708A-359F-4B25-BA71-C8D5086B84B5}.AppStore|ARM.ActiveCfg = Release|iPhone
		{9DD1708A-359F-4B25-BA71-C8D5086B84B5}.AppStore|ARM.Build.0 = Release|iPhone
		{9DD1708A-359F-4B25-BA71-C8D5086B84B5}.AppStore|iPhone.ActiveCfg = Release|iPhone
		{9DD1708A-359F-4B25-BA71-C8D5086B84B5}.AppStore|iPhone.Build.0 = Release|iPhone
		{9DD1708A-359F-4B25-BA71-C8D5086B84B5}.AppStore|iPhoneSimulator.ActiveCfg = Release|iPhoneSimulator
		{9DD1708A-359F-4B25-BA71-C8D5086B84B5}.AppStore|iPhoneSimulator.Build.0 = Release|iPhoneSimulator
		{9DD1708A-359F-4B25-BA71-C8D5086B84B5}.AppStore|x64.ActiveCfg = Release|iPhone
		{9DD1708A-359F-4B25-BA71-C8D5086B84B5}.AppStore|x64.Build.0 = Release|iPhone
		{9DD1708A-359F-4B25-BA71-C8D5086B84B5}.AppStore|x86.ActiveCfg = Release|iPhone
		{9DD1708A-359F-4B25-BA71-C8D5086B84B5}.AppStore|x86.Build.0 = Release|iPhone
		{9DD1708A-359F-4B25-BA71-C8D5086B84B5}.Debug|Any CPU.ActiveCfg = Debug|iPhone
		{9DD1708A-359F-4B25-BA71-C8D5086B84B5}.Debug|ARM.ActiveCfg = Debug|iPhone
		{9DD1708A-359F-4B25-BA71-C8D5086B84B5}.Debug|iPhone.ActiveCfg = Debug|iPhone
		{9DD1708A-359F-4B25-BA71-C8D5086B84B5}.Debug|iPhone.Build.0 = Debug|iPhone
		{9DD1708A-359F-4B25-BA71-C8D5086B84B5}.Debug|iPhoneSimulator.ActiveCfg = Debug|iPhoneSimulator
		{9DD1708A-359F-4B25-BA71-C8D5086B84B5}.Debug|iPhoneSimulator.Build.0 = Debug|iPhoneSimulator
		{9DD1708A-359F-4B25-BA71-C8D5086B84B5}.Debug|x64.ActiveCfg = Debug|iPhone
		{9DD1708A-359F-4B25-BA71-C8D5086B84B5}.Debug|x86.ActiveCfg = Debug|iPhone
		{9DD1708A-359F-4B25-BA71-C8D5086B84B5}.Release|Any CPU.ActiveCfg = Release|iPhone
		{9DD1708A-359F-4B25-BA71-C8D5086B84B5}.Release|ARM.ActiveCfg = Release|iPhone
		{9DD1708A-359F-4B25-BA71-C8D5086B84B5}.Release|iPhone.ActiveCfg = Release|iPhone
		{9DD1708A-359F-4B25-BA71-C8D5086B84B5}.Release|iPhone.Build.0 = Release|iPhone
		{9DD1708A-359F-4B25-BA71-C8D5086B84B5}.Release|iPhoneSimulator.ActiveCfg = Release|iPhoneSimulator
		{9DD1708A-359F-4B25-BA71-C8D5086B84B5}.Release|iPhoneSimulator.Build.0 = Release|iPhoneSimulator
		{9DD1708A-359F-4B25-BA71-C8D5086B84B5}.Release|x64.ActiveCfg = Release|iPhone
		{9DD1708A-359F-4B25-BA71-C8D5086B84B5}.Release|x86.ActiveCfg = Release|iPhone
		{ADE926F3-3763-4749-9AAB-E00A8D7B14B7}.Ad-Hoc|Any CPU.ActiveCfg = Release|x86
		{ADE926F3-3763-4749-9AAB-E00A8D7B14B7}.Ad-Hoc|Any CPU.Build.0 = Release|x86
		{ADE926F3-3763-4749-9AAB-E00A8D7B14B7}.Ad-Hoc|Any CPU.Deploy.0 = Release|x86
		{ADE926F3-3763-4749-9AAB-E00A8D7B14B7}.Ad-Hoc|ARM.ActiveCfg = Release|ARM
		{ADE926F3-3763-4749-9AAB-E00A8D7B14B7}.Ad-Hoc|ARM.Build.0 = Release|ARM
		{ADE926F3-3763-4749-9AAB-E00A8D7B14B7}.Ad-Hoc|ARM.Deploy.0 = Release|ARM
		{ADE926F3-3763-4749-9AAB-E00A8D7B14B7}.Ad-Hoc|iPhone.ActiveCfg = Release|x86
		{ADE926F3-3763-4749-9AAB-E00A8D7B14B7}.Ad-Hoc|iPhone.Build.0 = Release|x86
		{ADE926F3-3763-4749-9AAB-E00A8D7B14B7}.Ad-Hoc|iPhone.Deploy.0 = Release|x86
		{ADE926F3-3763-4749-9AAB-E00A8D7B14B7}.Ad-Hoc|iPhoneSimulator.ActiveCfg = Release|x86
		{ADE926F3-3763-4749-9AAB-E00A8D7B14B7}.Ad-Hoc|iPhoneSimulator.Build.0 = Release|x86
		{ADE926F3-3763-4749-9AAB-E00A8D7B14B7}.Ad-Hoc|iPhoneSimulator.Deploy.0 = Release|x86
		{ADE926F3-3763-4749-9AAB-E00A8D7B14B7}.Ad-Hoc|x64.ActiveCfg = Release|x64
		{ADE926F3-3763-4749-9AAB-E00A8D7B14B7}.Ad-Hoc|x64.Build.0 = Release|x64
		{ADE926F3-3763-4749-9AAB-E00A8D7B14B7}.Ad-Hoc|x64.Deploy.0 = Release|x64
		{ADE926F3-3763-4749-9AAB-E00A8D7B14B7}.Ad-Hoc|x86.ActiveCfg = Release|x86
		{ADE926F3-3763-4749-9AAB-E00A8D7B14B7}.Ad-Hoc|x86.Build.0 = Release|x86
		{ADE926F3-3763-4749-9AAB-E00A8D7B14B7}.Ad-Hoc|x86.Deploy.0 = Release|x86
		{ADE926F3-3763-4749-9AAB-E00A8D7B14B7}.AppStore|Any CPU.ActiveCfg = Release|x86
		{ADE926F3-3763-4749-9AAB-E00A8D7B14B7}.AppStore|Any CPU.Build.0 = Release|x86
		{ADE926F3-3763-4749-9AAB-E00A8D7B14B7}.AppStore|Any CPU.Deploy.0 = Release|x86
		{ADE926F3-3763-4749-9AAB-E00A8D7B14B7}.AppStore|ARM.ActiveCfg = Release|ARM
		{ADE926F3-3763-4749-9AAB-E00A8D7B14B7}.AppStore|ARM.Build.0 = Release|ARM
		{ADE926F3-3763-4749-9AAB-E00A8D7B14B7}.AppStore|ARM.Deploy.0 = Release|ARM
		{ADE926F3-3763-4749-9AAB-E00A8D7B14B7}.AppStore|iPhone.ActiveCfg = Release|x86
		{ADE926F3-3763-4749-9AAB-E00A8D7B14B7}.AppStore|iPhone.Build.0 = Release|x86
		{ADE926F3-3763-4749-9AAB-E00A8D7B14B7}.AppStore|iPhone.Deploy.0 = Release|x86
		{ADE926F3-3763-4749-9AAB-E00A8D7B14B7}.AppStore|iPhoneSimulator.ActiveCfg = Release|x86
		{ADE926F3-3763-4749-9AAB-E00A8D7B14B7}.AppStore|iPhoneSimulator.Build.0 = Release|x86
		{ADE926F3-3763-4749-9AAB-E00A8D7B14B7}.AppStore|iPhoneSimulator.Deploy.0 = Release|x86
		{ADE926F3-3763-4749-9AAB-E00A8D7B14B7}.AppStore|x64.ActiveCfg = Release|x64
		{ADE926F3-3763-4749-9AAB-E00A8D7B14B7}.AppStore|x64.Build.0 = Release|x64
		{ADE926F3-3763-4749-9AAB-E00A8D7B14B7}.AppStore|x64.Deploy.0 = Release|x64
		{ADE926F3-3763-4749-9AAB-E00A8D7B14B7}.AppStore|x86.ActiveCfg = Release|x86
		{ADE926F3-3763-4749-9AAB-E00A8D7B14B7}.AppStore|x86.Build.0 = Release|x86
		{ADE926F3-3763-4749-9AAB-E00A8D7B14B7}.AppStore|x86.Deploy.0 = Release|x86
		{ADE926F3-3763-4749-9AAB-E00A8D7B14B7}.Debug|Any CPU.ActiveCfg = Debug|x86
		{ADE926F3-3763-4749-9AAB-E00A8D7B14B7}.Debug|ARM.ActiveCfg = Debug|ARM
		{ADE926F3-3763-4749-9AAB-E00A8D7B14B7}.Debug|ARM.Build.0 = Debug|ARM
		{ADE926F3-3763-4749-9AAB-E00A8D7B14B7}.Debug|ARM.Deploy.0 = Debug|ARM
		{ADE926F3-3763-4749-9AAB-E00A8D7B14B7}.Debug|iPhone.ActiveCfg = Debug|x86
		{ADE926F3-3763-4749-9AAB-E00A8D7B14B7}.Debug|iPhoneSimulator.ActiveCfg = Debug|x86
		{ADE926F3-3763-4749-9AAB-E00A8D7B14B7}.Debug|x64.ActiveCfg = Debug|x64
		{ADE926F3-3763-4749-9AAB-E00A8D7B14B7}.Debug|x64.Build.0 = Debug|x64
		{ADE926F3-3763-4749-9AAB-E00A8D7B14B7}.Debug|x64.Deploy.0 = Debug|x64
		{ADE926F3-3763-4749-9AAB-E00A8D7B14B7}.Debug|x86.ActiveCfg = Debug|x86
		{ADE926F3-3763-4749-9AAB-E00A8D7B14B7}.Debug|x86.Build.0 = Debug|x86
		{ADE926F3-3763-4749-9AAB-E00A8D7B14B7}.Debug|x86.Deploy.0 = Debug|x86
		{ADE926F3-3763-4749-9AAB-E00A8D7B14B7}.Release|Any CPU.ActiveCfg = Release|x86
		{ADE926F3-3763-4749-9AAB-E00A8D7B14B7}.Release|ARM.ActiveCfg = Release|ARM
		{ADE926F3-3763-4749-9AAB-E00A8D7B14B7}.Release|ARM.Build.0 = Release|ARM
		{ADE926F3-3763-4749-9AAB-E00A8D7B14B7}.Release|ARM.Deploy.0 = Release|ARM
		{ADE926F3-3763-4749-9AAB-E00A8D7B14B7}.Release|iPhone.ActiveCfg = Release|x86
		{ADE926F3-3763-4749-9AAB-E00A8D7B14B7}.Release|iPhoneSimulator.ActiveCfg = Release|x86
		{ADE926F3-3763-4749-9AAB-E00A8D7B14B7}.Release|x64.ActiveCfg = Release|x64
		{ADE926F3-3763-4749-9AAB-E00A8D7B14B7}.Release|x64.Build.0 = Release|x64
		{ADE926F3-3763-4749-9AAB-E00A8D7B14B7}.Release|x64.Deploy.0 = Release|x64
		{ADE926F3-3763-4749-9AAB-E00A8D7B14B7}.Release|x86.ActiveCfg = Release|x86
		{ADE926F3-3763-4749-9AAB-E00A8D7B14B7}.Release|x86.Build.0 = Release|x86
		{ADE926F3-3763-4749-9AAB-E00A8D7B14B7}.Release|x86.Deploy.0 = Release|x86
		{37FDCF57-928D-4259-B889-93C646EBF1AC}.Ad-Hoc|Any CPU.ActiveCfg = Debug|Any CPU
		{37FDCF57-928D-4259-B889-93C646EBF1AC}.Ad-Hoc|Any CPU.Build.0 = Debug|Any CPU
		{37FDCF57-928D-4259-B889-93C646EBF1AC}.Ad-Hoc|ARM.ActiveCfg = Debug|Any CPU
		{37FDCF57-928D-4259-B889-93C646EBF1AC}.Ad-Hoc|ARM.Build.0 = Debug|Any CPU
		{37FDCF57-928D-4259-B889-93C646EBF1AC}.Ad-Hoc|iPhone.ActiveCfg = Debug|Any CPU
		{37FDCF57-928D-4259-B889-93C646EBF1AC}.Ad-Hoc|iPhone.Build.0 = Debug|Any CPU
		{37FDCF57-928D-4259-B889-93C646EBF1AC}.Ad-Hoc|iPhoneSimulator.ActiveCfg = Debug|Any CPU
		{37FDCF57-928D-4259-B889-93C646EBF1AC}.Ad-Hoc|iPhoneSimulator.Build.0 = Debug|Any CPU
		{37FDCF57-928D-4259-B889-93C646EBF1AC}.Ad-Hoc|x64.ActiveCfg = Debug|Any CPU
		{37FDCF57-928D-4259-B889-93C646EBF1AC}.Ad-Hoc|x64.Build.0 = Debug|Any CPU
		{37FDCF57-928D-4259-B889-93C646EBF1AC}.Ad-Hoc|x86.ActiveCfg = Debug|Any CPU
		{37FDCF57-928D-4259-B889-93C646EBF1AC}.Ad-Hoc|x86.Build.0 = Debug|Any CPU
		{37FDCF57-928D-4259-B889-93C646EBF1AC}.AppStore|Any CPU.ActiveCfg = Debug|Any CPU
		{37FDCF57-928D-4259-B889-93C646EBF1AC}.AppStore|Any CPU.Build.0 = Debug|Any CPU
		{37FDCF57-928D-4259-B889-93C646EBF1AC}.AppStore|ARM.ActiveCfg = Debug|Any CPU
		{37FDCF57-928D-4259-B889-93C646EBF1AC}.AppStore|ARM.Build.0 = Debug|Any CPU
		{37FDCF57-928D-4259-B889-93C646EBF1AC}.AppStore|iPhone.ActiveCfg = Debug|Any CPU
		{37FDCF57-928D-4259-B889-93C646EBF1AC}.AppStore|iPhone.Build.0 = Debug|Any CPU
		{37FDCF57-928D-4259-B889-93C646EBF1AC}.AppStore|iPhoneSimulator.ActiveCfg = Debug|Any CPU
		{37FDCF57-928D-4259-B889-93C646EBF1AC}.AppStore|iPhoneSimulator.Build.0 = Debug|Any CPU
		{37FDCF57-928D-4259-B889-93C646EBF1AC}.AppStore|x64.ActiveCfg = Debug|Any CPU
		{37FDCF57-928D-4259-B889-93C646EBF1AC}.AppStore|x64.Build.0 = Debug|Any CPU
		{37FDCF57-928D-4259-B889-93C646EBF1AC}.AppStore|x86.ActiveCfg = Debug|Any CPU
		{37FDCF57-928D-4259-B889-93C646EBF1AC}.AppStore|x86.Build.0 = Debug|Any CPU
		{37FDCF57-928D-4259-B889-93C646EBF1AC}.Debug|Any CPU.ActiveCfg = Debug|Any CPU
		{37FDCF57-928D-4259-B889-93C646EBF1AC}.Debug|Any CPU.Build.0 = Debug|Any CPU
		{37FDCF57-928D-4259-B889-93C646EBF1AC}.Debug|ARM.ActiveCfg = Debug|Any CPU
		{37FDCF57-928D-4259-B889-93C646EBF1AC}.Debug|ARM.Build.0 = Debug|Any CPU
		{37FDCF57-928D-4259-B889-93C646EBF1AC}.Debug|iPhone.ActiveCfg = Debug|Any CPU
		{37FDCF57-928D-4259-B889-93C646EBF1AC}.Debug|iPhone.Build.0 = Debug|Any CPU
		{37FDCF57-928D-4259-B889-93C646EBF1AC}.Debug|iPhoneSimulator.ActiveCfg = Debug|Any CPU
		{37FDCF57-928D-4259-B889-93C646EBF1AC}.Debug|iPhoneSimulator.Build.0 = Debug|Any CPU
		{37FDCF57-928D-4259-B889-93C646EBF1AC}.Debug|x64.ActiveCfg = Debug|Any CPU
		{37FDCF57-928D-4259-B889-93C646EBF1AC}.Debug|x64.Build.0 = Debug|Any CPU
		{37FDCF57-928D-4259-B889-93C646EBF1AC}.Debug|x86.ActiveCfg = Debug|Any CPU
		{37FDCF57-928D-4259-B889-93C646EBF1AC}.Debug|x86.Build.0 = Debug|Any CPU
		{37FDCF57-928D-4259-B889-93C646EBF1AC}.Release|Any CPU.ActiveCfg = Release|Any CPU
		{37FDCF57-928D-4259-B889-93C646EBF1AC}.Release|Any CPU.Build.0 = Release|Any CPU
		{37FDCF57-928D-4259-B889-93C646EBF1AC}.Release|ARM.ActiveCfg = Release|Any CPU
		{37FDCF57-928D-4259-B889-93C646EBF1AC}.Release|ARM.Build.0 = Release|Any CPU
		{37FDCF57-928D-4259-B889-93C646EBF1AC}.Release|iPhone.ActiveCfg = Release|Any CPU
		{37FDCF57-928D-4259-B889-93C646EBF1AC}.Release|iPhone.Build.0 = Release|Any CPU
		{37FDCF57-928D-4259-B889-93C646EBF1AC}.Release|iPhoneSimulator.ActiveCfg = Release|Any CPU
		{37FDCF57-928D-4259-B889-93C646EBF1AC}.Release|iPhoneSimulator.Build.0 = Release|Any CPU
		{37FDCF57-928D-4259-B889-93C646EBF1AC}.Release|x64.ActiveCfg = Release|Any CPU
		{37FDCF57-928D-4259-B889-93C646EBF1AC}.Release|x64.Build.0 = Release|Any CPU
		{37FDCF57-928D-4259-B889-93C646EBF1AC}.Release|x86.ActiveCfg = Release|Any CPU
		{37FDCF57-928D-4259-B889-93C646EBF1AC}.Release|x86.Build.0 = Release|Any CPU
		{0E27802D-AF68-49A6-A900-FA3305A36925}.Ad-Hoc|Any CPU.ActiveCfg = Debug|Any CPU
		{0E27802D-AF68-49A6-A900-FA3305A36925}.Ad-Hoc|Any CPU.Build.0 = Debug|Any CPU
		{0E27802D-AF68-49A6-A900-FA3305A36925}.Ad-Hoc|ARM.ActiveCfg = Debug|Any CPU
		{0E27802D-AF68-49A6-A900-FA3305A36925}.Ad-Hoc|ARM.Build.0 = Debug|Any CPU
		{0E27802D-AF68-49A6-A900-FA3305A36925}.Ad-Hoc|iPhone.ActiveCfg = Debug|Any CPU
		{0E27802D-AF68-49A6-A900-FA3305A36925}.Ad-Hoc|iPhone.Build.0 = Debug|Any CPU
		{0E27802D-AF68-49A6-A900-FA3305A36925}.Ad-Hoc|iPhoneSimulator.ActiveCfg = Debug|Any CPU
		{0E27802D-AF68-49A6-A900-FA3305A36925}.Ad-Hoc|iPhoneSimulator.Build.0 = Debug|Any CPU
		{0E27802D-AF68-49A6-A900-FA3305A36925}.Ad-Hoc|x64.ActiveCfg = Debug|Any CPU
		{0E27802D-AF68-49A6-A900-FA3305A36925}.Ad-Hoc|x64.Build.0 = Debug|Any CPU
		{0E27802D-AF68-49A6-A900-FA3305A36925}.Ad-Hoc|x86.ActiveCfg = Debug|Any CPU
		{0E27802D-AF68-49A6-A900-FA3305A36925}.Ad-Hoc|x86.Build.0 = Debug|Any CPU
		{0E27802D-AF68-49A6-A900-FA3305A36925}.AppStore|Any CPU.ActiveCfg = Debug|Any CPU
		{0E27802D-AF68-49A6-A900-FA3305A36925}.AppStore|Any CPU.Build.0 = Debug|Any CPU
		{0E27802D-AF68-49A6-A900-FA3305A36925}.AppStore|ARM.ActiveCfg = Debug|Any CPU
		{0E27802D-AF68-49A6-A900-FA3305A36925}.AppStore|ARM.Build.0 = Debug|Any CPU
		{0E27802D-AF68-49A6-A900-FA3305A36925}.AppStore|iPhone.ActiveCfg = Debug|Any CPU
		{0E27802D-AF68-49A6-A900-FA3305A36925}.AppStore|iPhone.Build.0 = Debug|Any CPU
		{0E27802D-AF68-49A6-A900-FA3305A36925}.AppStore|iPhoneSimulator.ActiveCfg = Debug|Any CPU
		{0E27802D-AF68-49A6-A900-FA3305A36925}.AppStore|iPhoneSimulator.Build.0 = Debug|Any CPU
		{0E27802D-AF68-49A6-A900-FA3305A36925}.AppStore|x64.ActiveCfg = Debug|Any CPU
		{0E27802D-AF68-49A6-A900-FA3305A36925}.AppStore|x64.Build.0 = Debug|Any CPU
		{0E27802D-AF68-49A6-A900-FA3305A36925}.AppStore|x86.ActiveCfg = Debug|Any CPU
		{0E27802D-AF68-49A6-A900-FA3305A36925}.AppStore|x86.Build.0 = Debug|Any CPU
		{0E27802D-AF68-49A6-A900-FA3305A36925}.Debug|Any CPU.ActiveCfg = Debug|Any CPU
		{0E27802D-AF68-49A6-A900-FA3305A36925}.Debug|Any CPU.Build.0 = Debug|Any CPU
		{0E27802D-AF68-49A6-A900-FA3305A36925}.Debug|ARM.ActiveCfg = Debug|Any CPU
		{0E27802D-AF68-49A6-A900-FA3305A36925}.Debug|ARM.Build.0 = Debug|Any CPU
		{0E27802D-AF68-49A6-A900-FA3305A36925}.Debug|iPhone.ActiveCfg = Debug|Any CPU
		{0E27802D-AF68-49A6-A900-FA3305A36925}.Debug|iPhone.Build.0 = Debug|Any CPU
		{0E27802D-AF68-49A6-A900-FA3305A36925}.Debug|iPhoneSimulator.ActiveCfg = Debug|Any CPU
		{0E27802D-AF68-49A6-A900-FA3305A36925}.Debug|iPhoneSimulator.Build.0 = Debug|Any CPU
		{0E27802D-AF68-49A6-A900-FA3305A36925}.Debug|x64.ActiveCfg = Debug|Any CPU
		{0E27802D-AF68-49A6-A900-FA3305A36925}.Debug|x64.Build.0 = Debug|Any CPU
		{0E27802D-AF68-49A6-A900-FA3305A36925}.Debug|x86.ActiveCfg = Debug|Any CPU
		{0E27802D-AF68-49A6-A900-FA3305A36925}.Debug|x86.Build.0 = Debug|Any CPU
		{0E27802D-AF68-49A6-A900-FA3305A36925}.Release|Any CPU.ActiveCfg = Release|Any CPU
		{0E27802D-AF68-49A6-A900-FA3305A36925}.Release|Any CPU.Build.0 = Release|Any CPU
		{0E27802D-AF68-49A6-A900-FA3305A36925}.Release|ARM.ActiveCfg = Release|Any CPU
		{0E27802D-AF68-49A6-A900-FA3305A36925}.Release|ARM.Build.0 = Release|Any CPU
		{0E27802D-AF68-49A6-A900-FA3305A36925}.Release|iPhone.ActiveCfg = Release|Any CPU
		{0E27802D-AF68-49A6-A900-FA3305A36925}.Release|iPhone.Build.0 = Release|Any CPU
		{0E27802D-AF68-49A6-A900-FA3305A36925}.Release|iPhoneSimulator.ActiveCfg = Release|Any CPU
		{0E27802D-AF68-49A6-A900-FA3305A36925}.Release|iPhoneSimulator.Build.0 = Release|Any CPU
		{0E27802D-AF68-49A6-A900-FA3305A36925}.Release|x64.ActiveCfg = Release|Any CPU
		{0E27802D-AF68-49A6-A900-FA3305A36925}.Release|x64.Build.0 = Release|Any CPU
		{0E27802D-AF68-49A6-A900-FA3305A36925}.Release|x86.ActiveCfg = Release|Any CPU
		{0E27802D-AF68-49A6-A900-FA3305A36925}.Release|x86.Build.0 = Release|Any CPU
		{2E3DF5C2-8A38-4A03-86D7-8D463C917E47}.Ad-Hoc|Any CPU.ActiveCfg = Release|Any CPU
		{2E3DF5C2-8A38-4A03-86D7-8D463C917E47}.Ad-Hoc|Any CPU.Build.0 = Release|Any CPU
		{2E3DF5C2-8A38-4A03-86D7-8D463C917E47}.Ad-Hoc|ARM.ActiveCfg = Release|Any CPU
		{2E3DF5C2-8A38-4A03-86D7-8D463C917E47}.Ad-Hoc|ARM.Build.0 = Release|Any CPU
		{2E3DF5C2-8A38-4A03-86D7-8D463C917E47}.Ad-Hoc|iPhone.ActiveCfg = Release|Any CPU
		{2E3DF5C2-8A38-4A03-86D7-8D463C917E47}.Ad-Hoc|iPhone.Build.0 = Release|Any CPU
		{2E3DF5C2-8A38-4A03-86D7-8D463C917E47}.Ad-Hoc|iPhoneSimulator.ActiveCfg = Release|Any CPU
		{2E3DF5C2-8A38-4A03-86D7-8D463C917E47}.Ad-Hoc|iPhoneSimulator.Build.0 = Release|Any CPU
		{2E3DF5C2-8A38-4A03-86D7-8D463C917E47}.Ad-Hoc|x64.ActiveCfg = Release|Any CPU
		{2E3DF5C2-8A38-4A03-86D7-8D463C917E47}.Ad-Hoc|x64.Build.0 = Release|Any CPU
		{2E3DF5C2-8A38-4A03-86D7-8D463C917E47}.Ad-Hoc|x86.ActiveCfg = Release|Any CPU
		{2E3DF5C2-8A38-4A03-86D7-8D463C917E47}.Ad-Hoc|x86.Build.0 = Release|Any CPU
		{2E3DF5C2-8A38-4A03-86D7-8D463C917E47}.AppStore|Any CPU.ActiveCfg = Release|Any CPU
		{2E3DF5C2-8A38-4A03-86D7-8D463C917E47}.AppStore|Any CPU.Build.0 = Release|Any CPU
		{2E3DF5C2-8A38-4A03-86D7-8D463C917E47}.AppStore|ARM.ActiveCfg = Release|Any CPU
		{2E3DF5C2-8A38-4A03-86D7-8D463C917E47}.AppStore|ARM.Build.0 = Release|Any CPU
		{2E3DF5C2-8A38-4A03-86D7-8D463C917E47}.AppStore|iPhone.ActiveCfg = Release|Any CPU
		{2E3DF5C2-8A38-4A03-86D7-8D463C917E47}.AppStore|iPhone.Build.0 = Release|Any CPU
		{2E3DF5C2-8A38-4A03-86D7-8D463C917E47}.AppStore|iPhoneSimulator.ActiveCfg = Release|Any CPU
		{2E3DF5C2-8A38-4A03-86D7-8D463C917E47}.AppStore|iPhoneSimulator.Build.0 = Release|Any CPU
		{2E3DF5C2-8A38-4A03-86D7-8D463C917E47}.AppStore|x64.ActiveCfg = Release|Any CPU
		{2E3DF5C2-8A38-4A03-86D7-8D463C917E47}.AppStore|x64.Build.0 = Release|Any CPU
		{2E3DF5C2-8A38-4A03-86D7-8D463C917E47}.AppStore|x86.ActiveCfg = Release|Any CPU
		{2E3DF5C2-8A38-4A03-86D7-8D463C917E47}.AppStore|x86.Build.0 = Release|Any CPU
		{2E3DF5C2-8A38-4A03-86D7-8D463C917E47}.Debug|Any CPU.ActiveCfg = Debug|Any CPU
		{2E3DF5C2-8A38-4A03-86D7-8D463C917E47}.Debug|Any CPU.Build.0 = Debug|Any CPU
		{2E3DF5C2-8A38-4A03-86D7-8D463C917E47}.Debug|ARM.ActiveCfg = Debug|Any CPU
		{2E3DF5C2-8A38-4A03-86D7-8D463C917E47}.Debug|ARM.Build.0 = Debug|Any CPU
		{2E3DF5C2-8A38-4A03-86D7-8D463C917E47}.Debug|iPhone.ActiveCfg = Debug|Any CPU
		{2E3DF5C2-8A38-4A03-86D7-8D463C917E47}.Debug|iPhone.Build.0 = Debug|Any CPU
		{2E3DF5C2-8A38-4A03-86D7-8D463C917E47}.Debug|iPhoneSimulator.ActiveCfg = Debug|Any CPU
		{2E3DF5C2-8A38-4A03-86D7-8D463C917E47}.Debug|iPhoneSimulator.Build.0 = Debug|Any CPU
		{2E3DF5C2-8A38-4A03-86D7-8D463C917E47}.Debug|x64.ActiveCfg = Debug|Any CPU
		{2E3DF5C2-8A38-4A03-86D7-8D463C917E47}.Debug|x64.Build.0 = Debug|Any CPU
		{2E3DF5C2-8A38-4A03-86D7-8D463C917E47}.Debug|x86.ActiveCfg = Debug|Any CPU
		{2E3DF5C2-8A38-4A03-86D7-8D463C917E47}.Debug|x86.Build.0 = Debug|Any CPU
		{2E3DF5C2-8A38-4A03-86D7-8D463C917E47}.Release|Any CPU.ActiveCfg = Release|Any CPU
		{2E3DF5C2-8A38-4A03-86D7-8D463C917E47}.Release|Any CPU.Build.0 = Release|Any CPU
		{2E3DF5C2-8A38-4A03-86D7-8D463C917E47}.Release|ARM.ActiveCfg = Release|Any CPU
		{2E3DF5C2-8A38-4A03-86D7-8D463C917E47}.Release|ARM.Build.0 = Release|Any CPU
		{2E3DF5C2-8A38-4A03-86D7-8D463C917E47}.Release|iPhone.ActiveCfg = Release|Any CPU
		{2E3DF5C2-8A38-4A03-86D7-8D463C917E47}.Release|iPhone.Build.0 = Release|Any CPU
		{2E3DF5C2-8A38-4A03-86D7-8D463C917E47}.Release|iPhoneSimulator.ActiveCfg = Release|Any CPU
		{2E3DF5C2-8A38-4A03-86D7-8D463C917E47}.Release|iPhoneSimulator.Build.0 = Release|Any CPU
		{2E3DF5C2-8A38-4A03-86D7-8D463C917E47}.Release|x64.ActiveCfg = Release|Any CPU
		{2E3DF5C2-8A38-4A03-86D7-8D463C917E47}.Release|x64.Build.0 = Release|Any CPU
		{2E3DF5C2-8A38-4A03-86D7-8D463C917E47}.Release|x86.ActiveCfg = Release|Any CPU
		{2E3DF5C2-8A38-4A03-86D7-8D463C917E47}.Release|x86.Build.0 = Release|Any CPU
		{EB20C10A-EE26-4069-8A6F-E185D7FEC769}.Ad-Hoc|Any CPU.ActiveCfg = Debug|Any CPU
		{EB20C10A-EE26-4069-8A6F-E185D7FEC769}.Ad-Hoc|Any CPU.Build.0 = Debug|Any CPU
		{EB20C10A-EE26-4069-8A6F-E185D7FEC769}.Ad-Hoc|ARM.ActiveCfg = Debug|Any CPU
		{EB20C10A-EE26-4069-8A6F-E185D7FEC769}.Ad-Hoc|ARM.Build.0 = Debug|Any CPU
		{EB20C10A-EE26-4069-8A6F-E185D7FEC769}.Ad-Hoc|iPhone.ActiveCfg = Debug|Any CPU
		{EB20C10A-EE26-4069-8A6F-E185D7FEC769}.Ad-Hoc|iPhone.Build.0 = Debug|Any CPU
		{EB20C10A-EE26-4069-8A6F-E185D7FEC769}.Ad-Hoc|iPhoneSimulator.ActiveCfg = Debug|Any CPU
		{EB20C10A-EE26-4069-8A6F-E185D7FEC769}.Ad-Hoc|iPhoneSimulator.Build.0 = Debug|Any CPU
		{EB20C10A-EE26-4069-8A6F-E185D7FEC769}.Ad-Hoc|x64.ActiveCfg = Debug|Any CPU
		{EB20C10A-EE26-4069-8A6F-E185D7FEC769}.Ad-Hoc|x64.Build.0 = Debug|Any CPU
		{EB20C10A-EE26-4069-8A6F-E185D7FEC769}.Ad-Hoc|x86.ActiveCfg = Debug|Any CPU
		{EB20C10A-EE26-4069-8A6F-E185D7FEC769}.Ad-Hoc|x86.Build.0 = Debug|Any CPU
		{EB20C10A-EE26-4069-8A6F-E185D7FEC769}.AppStore|Any CPU.ActiveCfg = Debug|Any CPU
		{EB20C10A-EE26-4069-8A6F-E185D7FEC769}.AppStore|Any CPU.Build.0 = Debug|Any CPU
		{EB20C10A-EE26-4069-8A6F-E185D7FEC769}.AppStore|ARM.ActiveCfg = Debug|Any CPU
		{EB20C10A-EE26-4069-8A6F-E185D7FEC769}.AppStore|ARM.Build.0 = Debug|Any CPU
		{EB20C10A-EE26-4069-8A6F-E185D7FEC769}.AppStore|iPhone.ActiveCfg = Debug|Any CPU
		{EB20C10A-EE26-4069-8A6F-E185D7FEC769}.AppStore|iPhone.Build.0 = Debug|Any CPU
		{EB20C10A-EE26-4069-8A6F-E185D7FEC769}.AppStore|iPhoneSimulator.ActiveCfg = Debug|Any CPU
		{EB20C10A-EE26-4069-8A6F-E185D7FEC769}.AppStore|iPhoneSimulator.Build.0 = Debug|Any CPU
		{EB20C10A-EE26-4069-8A6F-E185D7FEC769}.AppStore|x64.ActiveCfg = Debug|Any CPU
		{EB20C10A-EE26-4069-8A6F-E185D7FEC769}.AppStore|x64.Build.0 = Debug|Any CPU
		{EB20C10A-EE26-4069-8A6F-E185D7FEC769}.AppStore|x86.ActiveCfg = Debug|Any CPU
		{EB20C10A-EE26-4069-8A6F-E185D7FEC769}.AppStore|x86.Build.0 = Debug|Any CPU
		{EB20C10A-EE26-4069-8A6F-E185D7FEC769}.Debug|Any CPU.ActiveCfg = Debug|Any CPU
		{EB20C10A-EE26-4069-8A6F-E185D7FEC769}.Debug|Any CPU.Build.0 = Debug|Any CPU
		{EB20C10A-EE26-4069-8A6F-E185D7FEC769}.Debug|ARM.ActiveCfg = Debug|Any CPU
		{EB20C10A-EE26-4069-8A6F-E185D7FEC769}.Debug|ARM.Build.0 = Debug|Any CPU
		{EB20C10A-EE26-4069-8A6F-E185D7FEC769}.Debug|iPhone.ActiveCfg = Debug|Any CPU
		{EB20C10A-EE26-4069-8A6F-E185D7FEC769}.Debug|iPhone.Build.0 = Debug|Any CPU
		{EB20C10A-EE26-4069-8A6F-E185D7FEC769}.Debug|iPhoneSimulator.ActiveCfg = Debug|Any CPU
		{EB20C10A-EE26-4069-8A6F-E185D7FEC769}.Debug|iPhoneSimulator.Build.0 = Debug|Any CPU
		{EB20C10A-EE26-4069-8A6F-E185D7FEC769}.Debug|x64.ActiveCfg = Debug|Any CPU
		{EB20C10A-EE26-4069-8A6F-E185D7FEC769}.Debug|x64.Build.0 = Debug|Any CPU
		{EB20C10A-EE26-4069-8A6F-E185D7FEC769}.Debug|x86.ActiveCfg = Debug|Any CPU
		{EB20C10A-EE26-4069-8A6F-E185D7FEC769}.Debug|x86.Build.0 = Debug|Any CPU
		{EB20C10A-EE26-4069-8A6F-E185D7FEC769}.Release|Any CPU.ActiveCfg = Release|Any CPU
		{EB20C10A-EE26-4069-8A6F-E185D7FEC769}.Release|Any CPU.Build.0 = Release|Any CPU
		{EB20C10A-EE26-4069-8A6F-E185D7FEC769}.Release|ARM.ActiveCfg = Release|Any CPU
		{EB20C10A-EE26-4069-8A6F-E185D7FEC769}.Release|ARM.Build.0 = Release|Any CPU
		{EB20C10A-EE26-4069-8A6F-E185D7FEC769}.Release|iPhone.ActiveCfg = Release|Any CPU
		{EB20C10A-EE26-4069-8A6F-E185D7FEC769}.Release|iPhone.Build.0 = Release|Any CPU
		{EB20C10A-EE26-4069-8A6F-E185D7FEC769}.Release|iPhoneSimulator.ActiveCfg = Release|Any CPU
		{EB20C10A-EE26-4069-8A6F-E185D7FEC769}.Release|iPhoneSimulator.Build.0 = Release|Any CPU
		{EB20C10A-EE26-4069-8A6F-E185D7FEC769}.Release|x64.ActiveCfg = Release|Any CPU
		{EB20C10A-EE26-4069-8A6F-E185D7FEC769}.Release|x64.Build.0 = Release|Any CPU
		{EB20C10A-EE26-4069-8A6F-E185D7FEC769}.Release|x86.ActiveCfg = Release|Any CPU
		{EB20C10A-EE26-4069-8A6F-E185D7FEC769}.Release|x86.Build.0 = Release|Any CPU
		{1F420253-6219-418E-9484-73590FBCB8F0}.Ad-Hoc|Any CPU.ActiveCfg = Debug|Any CPU
		{1F420253-6219-418E-9484-73590FBCB8F0}.Ad-Hoc|Any CPU.Build.0 = Debug|Any CPU
		{1F420253-6219-418E-9484-73590FBCB8F0}.Ad-Hoc|ARM.ActiveCfg = Debug|Any CPU
		{1F420253-6219-418E-9484-73590FBCB8F0}.Ad-Hoc|ARM.Build.0 = Debug|Any CPU
		{1F420253-6219-418E-9484-73590FBCB8F0}.Ad-Hoc|iPhone.ActiveCfg = Debug|Any CPU
		{1F420253-6219-418E-9484-73590FBCB8F0}.Ad-Hoc|iPhone.Build.0 = Debug|Any CPU
		{1F420253-6219-418E-9484-73590FBCB8F0}.Ad-Hoc|iPhoneSimulator.ActiveCfg = Debug|Any CPU
		{1F420253-6219-418E-9484-73590FBCB8F0}.Ad-Hoc|iPhoneSimulator.Build.0 = Debug|Any CPU
		{1F420253-6219-418E-9484-73590FBCB8F0}.Ad-Hoc|x64.ActiveCfg = Debug|Any CPU
		{1F420253-6219-418E-9484-73590FBCB8F0}.Ad-Hoc|x64.Build.0 = Debug|Any CPU
		{1F420253-6219-418E-9484-73590FBCB8F0}.Ad-Hoc|x86.ActiveCfg = Debug|Any CPU
		{1F420253-6219-418E-9484-73590FBCB8F0}.Ad-Hoc|x86.Build.0 = Debug|Any CPU
		{1F420253-6219-418E-9484-73590FBCB8F0}.AppStore|Any CPU.ActiveCfg = Debug|Any CPU
		{1F420253-6219-418E-9484-73590FBCB8F0}.AppStore|Any CPU.Build.0 = Debug|Any CPU
		{1F420253-6219-418E-9484-73590FBCB8F0}.AppStore|ARM.ActiveCfg = Debug|Any CPU
		{1F420253-6219-418E-9484-73590FBCB8F0}.AppStore|ARM.Build.0 = Debug|Any CPU
		{1F420253-6219-418E-9484-73590FBCB8F0}.AppStore|iPhone.ActiveCfg = Debug|Any CPU
		{1F420253-6219-418E-9484-73590FBCB8F0}.AppStore|iPhone.Build.0 = Debug|Any CPU
		{1F420253-6219-418E-9484-73590FBCB8F0}.AppStore|iPhoneSimulator.ActiveCfg = Debug|Any CPU
		{1F420253-6219-418E-9484-73590FBCB8F0}.AppStore|iPhoneSimulator.Build.0 = Debug|Any CPU
		{1F420253-6219-418E-9484-73590FBCB8F0}.AppStore|x64.ActiveCfg = Debug|Any CPU
		{1F420253-6219-418E-9484-73590FBCB8F0}.AppStore|x64.Build.0 = Debug|Any CPU
		{1F420253-6219-418E-9484-73590FBCB8F0}.AppStore|x86.ActiveCfg = Debug|Any CPU
		{1F420253-6219-418E-9484-73590FBCB8F0}.AppStore|x86.Build.0 = Debug|Any CPU
		{1F420253-6219-418E-9484-73590FBCB8F0}.Debug|Any CPU.ActiveCfg = Debug|Any CPU
		{1F420253-6219-418E-9484-73590FBCB8F0}.Debug|Any CPU.Build.0 = Debug|Any CPU
		{1F420253-6219-418E-9484-73590FBCB8F0}.Debug|ARM.ActiveCfg = Debug|Any CPU
		{1F420253-6219-418E-9484-73590FBCB8F0}.Debug|ARM.Build.0 = Debug|Any CPU
		{1F420253-6219-418E-9484-73590FBCB8F0}.Debug|iPhone.ActiveCfg = Debug|Any CPU
		{1F420253-6219-418E-9484-73590FBCB8F0}.Debug|iPhone.Build.0 = Debug|Any CPU
		{1F420253-6219-418E-9484-73590FBCB8F0}.Debug|iPhoneSimulator.ActiveCfg = Debug|Any CPU
		{1F420253-6219-418E-9484-73590FBCB8F0}.Debug|iPhoneSimulator.Build.0 = Debug|Any CPU
		{1F420253-6219-418E-9484-73590FBCB8F0}.Debug|x64.ActiveCfg = Debug|Any CPU
		{1F420253-6219-418E-9484-73590FBCB8F0}.Debug|x64.Build.0 = Debug|Any CPU
		{1F420253-6219-418E-9484-73590FBCB8F0}.Debug|x86.ActiveCfg = Debug|Any CPU
		{1F420253-6219-418E-9484-73590FBCB8F0}.Debug|x86.Build.0 = Debug|Any CPU
		{1F420253-6219-418E-9484-73590FBCB8F0}.Release|Any CPU.ActiveCfg = Release|Any CPU
		{1F420253-6219-418E-9484-73590FBCB8F0}.Release|Any CPU.Build.0 = Release|Any CPU
		{1F420253-6219-418E-9484-73590FBCB8F0}.Release|ARM.ActiveCfg = Release|Any CPU
		{1F420253-6219-418E-9484-73590FBCB8F0}.Release|ARM.Build.0 = Release|Any CPU
		{1F420253-6219-418E-9484-73590FBCB8F0}.Release|iPhone.ActiveCfg = Release|Any CPU
		{1F420253-6219-418E-9484-73590FBCB8F0}.Release|iPhone.Build.0 = Release|Any CPU
		{1F420253-6219-418E-9484-73590FBCB8F0}.Release|iPhoneSimulator.ActiveCfg = Release|Any CPU
		{1F420253-6219-418E-9484-73590FBCB8F0}.Release|iPhoneSimulator.Build.0 = Release|Any CPU
		{1F420253-6219-418E-9484-73590FBCB8F0}.Release|x64.ActiveCfg = Release|Any CPU
		{1F420253-6219-418E-9484-73590FBCB8F0}.Release|x64.Build.0 = Release|Any CPU
		{1F420253-6219-418E-9484-73590FBCB8F0}.Release|x86.ActiveCfg = Release|Any CPU
		{1F420253-6219-418E-9484-73590FBCB8F0}.Release|x86.Build.0 = Release|Any CPU
		{5B2444DD-8FAA-4F28-BB44-E83E3C1FAFB5}.Ad-Hoc|Any CPU.ActiveCfg = Debug|Any CPU
		{5B2444DD-8FAA-4F28-BB44-E83E3C1FAFB5}.Ad-Hoc|Any CPU.Build.0 = Debug|Any CPU
		{5B2444DD-8FAA-4F28-BB44-E83E3C1FAFB5}.Ad-Hoc|ARM.ActiveCfg = Debug|Any CPU
		{5B2444DD-8FAA-4F28-BB44-E83E3C1FAFB5}.Ad-Hoc|ARM.Build.0 = Debug|Any CPU
		{5B2444DD-8FAA-4F28-BB44-E83E3C1FAFB5}.Ad-Hoc|iPhone.ActiveCfg = Debug|Any CPU
		{5B2444DD-8FAA-4F28-BB44-E83E3C1FAFB5}.Ad-Hoc|iPhone.Build.0 = Debug|Any CPU
		{5B2444DD-8FAA-4F28-BB44-E83E3C1FAFB5}.Ad-Hoc|iPhoneSimulator.ActiveCfg = Debug|Any CPU
		{5B2444DD-8FAA-4F28-BB44-E83E3C1FAFB5}.Ad-Hoc|iPhoneSimulator.Build.0 = Debug|Any CPU
		{5B2444DD-8FAA-4F28-BB44-E83E3C1FAFB5}.Ad-Hoc|x64.ActiveCfg = Debug|Any CPU
		{5B2444DD-8FAA-4F28-BB44-E83E3C1FAFB5}.Ad-Hoc|x64.Build.0 = Debug|Any CPU
		{5B2444DD-8FAA-4F28-BB44-E83E3C1FAFB5}.Ad-Hoc|x86.ActiveCfg = Debug|Any CPU
		{5B2444DD-8FAA-4F28-BB44-E83E3C1FAFB5}.Ad-Hoc|x86.Build.0 = Debug|Any CPU
		{5B2444DD-8FAA-4F28-BB44-E83E3C1FAFB5}.AppStore|Any CPU.ActiveCfg = Debug|Any CPU
		{5B2444DD-8FAA-4F28-BB44-E83E3C1FAFB5}.AppStore|Any CPU.Build.0 = Debug|Any CPU
		{5B2444DD-8FAA-4F28-BB44-E83E3C1FAFB5}.AppStore|ARM.ActiveCfg = Debug|Any CPU
		{5B2444DD-8FAA-4F28-BB44-E83E3C1FAFB5}.AppStore|ARM.Build.0 = Debug|Any CPU
		{5B2444DD-8FAA-4F28-BB44-E83E3C1FAFB5}.AppStore|iPhone.ActiveCfg = Debug|Any CPU
		{5B2444DD-8FAA-4F28-BB44-E83E3C1FAFB5}.AppStore|iPhone.Build.0 = Debug|Any CPU
		{5B2444DD-8FAA-4F28-BB44-E83E3C1FAFB5}.AppStore|iPhoneSimulator.ActiveCfg = Debug|Any CPU
		{5B2444DD-8FAA-4F28-BB44-E83E3C1FAFB5}.AppStore|iPhoneSimulator.Build.0 = Debug|Any CPU
		{5B2444DD-8FAA-4F28-BB44-E83E3C1FAFB5}.AppStore|x64.ActiveCfg = Debug|Any CPU
		{5B2444DD-8FAA-4F28-BB44-E83E3C1FAFB5}.AppStore|x64.Build.0 = Debug|Any CPU
		{5B2444DD-8FAA-4F28-BB44-E83E3C1FAFB5}.AppStore|x86.ActiveCfg = Debug|Any CPU
		{5B2444DD-8FAA-4F28-BB44-E83E3C1FAFB5}.AppStore|x86.Build.0 = Debug|Any CPU
		{5B2444DD-8FAA-4F28-BB44-E83E3C1FAFB5}.Debug|Any CPU.ActiveCfg = Debug|Any CPU
		{5B2444DD-8FAA-4F28-BB44-E83E3C1FAFB5}.Debug|Any CPU.Build.0 = Debug|Any CPU
		{5B2444DD-8FAA-4F28-BB44-E83E3C1FAFB5}.Debug|ARM.ActiveCfg = Debug|Any CPU
		{5B2444DD-8FAA-4F28-BB44-E83E3C1FAFB5}.Debug|ARM.Build.0 = Debug|Any CPU
		{5B2444DD-8FAA-4F28-BB44-E83E3C1FAFB5}.Debug|iPhone.ActiveCfg = Debug|Any CPU
		{5B2444DD-8FAA-4F28-BB44-E83E3C1FAFB5}.Debug|iPhone.Build.0 = Debug|Any CPU
		{5B2444DD-8FAA-4F28-BB44-E83E3C1FAFB5}.Debug|iPhoneSimulator.ActiveCfg = Debug|Any CPU
		{5B2444DD-8FAA-4F28-BB44-E83E3C1FAFB5}.Debug|iPhoneSimulator.Build.0 = Debug|Any CPU
		{5B2444DD-8FAA-4F28-BB44-E83E3C1FAFB5}.Debug|x64.ActiveCfg = Debug|Any CPU
		{5B2444DD-8FAA-4F28-BB44-E83E3C1FAFB5}.Debug|x64.Build.0 = Debug|Any CPU
		{5B2444DD-8FAA-4F28-BB44-E83E3C1FAFB5}.Debug|x86.ActiveCfg = Debug|Any CPU
		{5B2444DD-8FAA-4F28-BB44-E83E3C1FAFB5}.Debug|x86.Build.0 = Debug|Any CPU
		{5B2444DD-8FAA-4F28-BB44-E83E3C1FAFB5}.Release|Any CPU.ActiveCfg = Release|Any CPU
		{5B2444DD-8FAA-4F28-BB44-E83E3C1FAFB5}.Release|Any CPU.Build.0 = Release|Any CPU
		{5B2444DD-8FAA-4F28-BB44-E83E3C1FAFB5}.Release|ARM.ActiveCfg = Release|Any CPU
		{5B2444DD-8FAA-4F28-BB44-E83E3C1FAFB5}.Release|ARM.Build.0 = Release|Any CPU
		{5B2444DD-8FAA-4F28-BB44-E83E3C1FAFB5}.Release|iPhone.ActiveCfg = Release|Any CPU
		{5B2444DD-8FAA-4F28-BB44-E83E3C1FAFB5}.Release|iPhone.Build.0 = Release|Any CPU
		{5B2444DD-8FAA-4F28-BB44-E83E3C1FAFB5}.Release|iPhoneSimulator.ActiveCfg = Release|Any CPU
		{5B2444DD-8FAA-4F28-BB44-E83E3C1FAFB5}.Release|iPhoneSimulator.Build.0 = Release|Any CPU
		{5B2444DD-8FAA-4F28-BB44-E83E3C1FAFB5}.Release|x64.ActiveCfg = Release|Any CPU
		{5B2444DD-8FAA-4F28-BB44-E83E3C1FAFB5}.Release|x64.Build.0 = Release|Any CPU
		{5B2444DD-8FAA-4F28-BB44-E83E3C1FAFB5}.Release|x86.ActiveCfg = Release|Any CPU
		{5B2444DD-8FAA-4F28-BB44-E83E3C1FAFB5}.Release|x86.Build.0 = Release|Any CPU
		{1A51CE09-06D5-455F-8ECA-A311F63D28CA}.Ad-Hoc|Any CPU.ActiveCfg = Debug|Any CPU
		{1A51CE09-06D5-455F-8ECA-A311F63D28CA}.Ad-Hoc|Any CPU.Build.0 = Debug|Any CPU
		{1A51CE09-06D5-455F-8ECA-A311F63D28CA}.Ad-Hoc|ARM.ActiveCfg = Debug|Any CPU
		{1A51CE09-06D5-455F-8ECA-A311F63D28CA}.Ad-Hoc|ARM.Build.0 = Debug|Any CPU
		{1A51CE09-06D5-455F-8ECA-A311F63D28CA}.Ad-Hoc|iPhone.ActiveCfg = Debug|Any CPU
		{1A51CE09-06D5-455F-8ECA-A311F63D28CA}.Ad-Hoc|iPhone.Build.0 = Debug|Any CPU
		{1A51CE09-06D5-455F-8ECA-A311F63D28CA}.Ad-Hoc|iPhoneSimulator.ActiveCfg = Debug|Any CPU
		{1A51CE09-06D5-455F-8ECA-A311F63D28CA}.Ad-Hoc|iPhoneSimulator.Build.0 = Debug|Any CPU
		{1A51CE09-06D5-455F-8ECA-A311F63D28CA}.Ad-Hoc|x64.ActiveCfg = Debug|Any CPU
		{1A51CE09-06D5-455F-8ECA-A311F63D28CA}.Ad-Hoc|x64.Build.0 = Debug|Any CPU
		{1A51CE09-06D5-455F-8ECA-A311F63D28CA}.Ad-Hoc|x86.ActiveCfg = Debug|Any CPU
		{1A51CE09-06D5-455F-8ECA-A311F63D28CA}.Ad-Hoc|x86.Build.0 = Debug|Any CPU
		{1A51CE09-06D5-455F-8ECA-A311F63D28CA}.AppStore|Any CPU.ActiveCfg = Debug|Any CPU
		{1A51CE09-06D5-455F-8ECA-A311F63D28CA}.AppStore|Any CPU.Build.0 = Debug|Any CPU
		{1A51CE09-06D5-455F-8ECA-A311F63D28CA}.AppStore|ARM.ActiveCfg = Debug|Any CPU
		{1A51CE09-06D5-455F-8ECA-A311F63D28CA}.AppStore|ARM.Build.0 = Debug|Any CPU
		{1A51CE09-06D5-455F-8ECA-A311F63D28CA}.AppStore|iPhone.ActiveCfg = Debug|Any CPU
		{1A51CE09-06D5-455F-8ECA-A311F63D28CA}.AppStore|iPhone.Build.0 = Debug|Any CPU
		{1A51CE09-06D5-455F-8ECA-A311F63D28CA}.AppStore|iPhoneSimulator.ActiveCfg = Debug|Any CPU
		{1A51CE09-06D5-455F-8ECA-A311F63D28CA}.AppStore|iPhoneSimulator.Build.0 = Debug|Any CPU
		{1A51CE09-06D5-455F-8ECA-A311F63D28CA}.AppStore|x64.ActiveCfg = Debug|Any CPU
		{1A51CE09-06D5-455F-8ECA-A311F63D28CA}.AppStore|x64.Build.0 = Debug|Any CPU
		{1A51CE09-06D5-455F-8ECA-A311F63D28CA}.AppStore|x86.ActiveCfg = Debug|Any CPU
		{1A51CE09-06D5-455F-8ECA-A311F63D28CA}.AppStore|x86.Build.0 = Debug|Any CPU
		{1A51CE09-06D5-455F-8ECA-A311F63D28CA}.Debug|Any CPU.ActiveCfg = Debug|Any CPU
		{1A51CE09-06D5-455F-8ECA-A311F63D28CA}.Debug|Any CPU.Build.0 = Debug|Any CPU
		{1A51CE09-06D5-455F-8ECA-A311F63D28CA}.Debug|ARM.ActiveCfg = Debug|Any CPU
		{1A51CE09-06D5-455F-8ECA-A311F63D28CA}.Debug|ARM.Build.0 = Debug|Any CPU
		{1A51CE09-06D5-455F-8ECA-A311F63D28CA}.Debug|iPhone.ActiveCfg = Debug|Any CPU
		{1A51CE09-06D5-455F-8ECA-A311F63D28CA}.Debug|iPhone.Build.0 = Debug|Any CPU
		{1A51CE09-06D5-455F-8ECA-A311F63D28CA}.Debug|iPhoneSimulator.ActiveCfg = Debug|Any CPU
		{1A51CE09-06D5-455F-8ECA-A311F63D28CA}.Debug|iPhoneSimulator.Build.0 = Debug|Any CPU
		{1A51CE09-06D5-455F-8ECA-A311F63D28CA}.Debug|x64.ActiveCfg = Debug|Any CPU
		{1A51CE09-06D5-455F-8ECA-A311F63D28CA}.Debug|x64.Build.0 = Debug|Any CPU
		{1A51CE09-06D5-455F-8ECA-A311F63D28CA}.Debug|x86.ActiveCfg = Debug|Any CPU
		{1A51CE09-06D5-455F-8ECA-A311F63D28CA}.Debug|x86.Build.0 = Debug|Any CPU
		{1A51CE09-06D5-455F-8ECA-A311F63D28CA}.Release|Any CPU.ActiveCfg = Release|Any CPU
		{1A51CE09-06D5-455F-8ECA-A311F63D28CA}.Release|Any CPU.Build.0 = Release|Any CPU
		{1A51CE09-06D5-455F-8ECA-A311F63D28CA}.Release|ARM.ActiveCfg = Release|Any CPU
		{1A51CE09-06D5-455F-8ECA-A311F63D28CA}.Release|ARM.Build.0 = Release|Any CPU
		{1A51CE09-06D5-455F-8ECA-A311F63D28CA}.Release|iPhone.ActiveCfg = Release|Any CPU
		{1A51CE09-06D5-455F-8ECA-A311F63D28CA}.Release|iPhone.Build.0 = Release|Any CPU
		{1A51CE09-06D5-455F-8ECA-A311F63D28CA}.Release|iPhoneSimulator.ActiveCfg = Release|Any CPU
		{1A51CE09-06D5-455F-8ECA-A311F63D28CA}.Release|iPhoneSimulator.Build.0 = Release|Any CPU
		{1A51CE09-06D5-455F-8ECA-A311F63D28CA}.Release|x64.ActiveCfg = Release|Any CPU
		{1A51CE09-06D5-455F-8ECA-A311F63D28CA}.Release|x64.Build.0 = Release|Any CPU
		{1A51CE09-06D5-455F-8ECA-A311F63D28CA}.Release|x86.ActiveCfg = Release|Any CPU
		{1A51CE09-06D5-455F-8ECA-A311F63D28CA}.Release|x86.Build.0 = Release|Any CPU
	EndGlobalSection
	GlobalSection(SolutionProperties) = preSolution
		HideSolutionNode = FALSE
	EndGlobalSection
	GlobalSection(NestedProjects) = preSolution
		{24CE3C36-16B9-426D-AA0C-5961ECF8D88C} = {0520E5C6-C5B9-4158-AE8A-CF6235391A5B}
		{9DD1708A-359F-4B25-BA71-C8D5086B84B5} = {0520E5C6-C5B9-4158-AE8A-CF6235391A5B}
		{ADE926F3-3763-4749-9AAB-E00A8D7B14B7} = {0520E5C6-C5B9-4158-AE8A-CF6235391A5B}
		{37FDCF57-928D-4259-B889-93C646EBF1AC} = {680BBFD3-7063-4166-A48A-110D7A099EF9}
		{2E3DF5C2-8A38-4A03-86D7-8D463C917E47} = {735F0053-5915-45C5-8BAF-7DB49C0B4543}
		{EB20C10A-EE26-4069-8A6F-E185D7FEC769} = {680BBFD3-7063-4166-A48A-110D7A099EF9}
		{1F420253-6219-418E-9484-73590FBCB8F0} = {680BBFD3-7063-4166-A48A-110D7A099EF9}
		{0520E5C6-C5B9-4158-AE8A-CF6235391A5B} = {680BBFD3-7063-4166-A48A-110D7A099EF9}
		{735F0053-5915-45C5-8BAF-7DB49C0B4543} = {680BBFD3-7063-4166-A48A-110D7A099EF9}
	EndGlobalSection
	GlobalSection(ExtensibilityGlobals) = postSolution
		SolutionGuid = {8F705C28-325F-4559-AB4A-B16119B089FE}
	EndGlobalSection
EndGlobal
